<?xml version="1.0" encoding="utf-8"?>
<Project ToolsVersion="4.0" xmlns="http://schemas.microsoft.com/developer/msbuild/2003">
  <ItemGroup>
    <Filter Include="Source Files">
      <UniqueIdentifier>{4FC737F1-C7A5-4376-A066-2A32D752A2FF}</UniqueIdentifier>
      <Extensions>cpp;c;cc;cxx;def;odl;idl;hpj;bat;asm;asmx</Extensions>
    </Filter>
    <Filter Include="Header Files">
      <UniqueIdentifier>{93995380-89BD-4b04-88EB-625FBE52EBFB}</UniqueIdentifier>
      <Extensions>h;hh;hpp;hxx;hm;inl;inc;xsd</Extensions>
    </Filter>
    <Filter Include="kdtree">
      <UniqueIdentifier>{abdb6455-8d65-4e81-a9cc-ebef008e2325}</UniqueIdentifier>
    </Filter>
  </ItemGroup>
  <ItemGroup>
    <ClCompile Include="map.cpp">
      <Filter>Source Files</Filter>
    </ClCompile>
    <ClCompile Include="map_builder.cpp">
      <Filter>Source Files</Filter>
    </ClCompile>
    <ClCompile Include="map_cells.cpp">
      <Filter>Source Files</Filter>
    </ClCompile>
    <ClCompile Include="map_copier.cpp">
      <Filter>Source Files</Filter>
    </ClCompile>
    <ClCompile Include="map_editor.cpp">
      <Filter>Source Files</Filter>
    </ClCompile>
    <ClCompile Include="map_enumerator.cpp">
      <Filter>Source Files</Filter>
    </ClCompile>
    <ClCompile Include="map_geometry.cpp">
      <Filter>Source Files</Filter>
    </ClCompile>
    <ClCompile Include="point_set.cpp">
      <Filter>Source Files</Filter>
    </ClCompile>
    <ClCompile Include="kdtree\kdTree.cpp">
      <Filter>kdtree</Filter>
    </ClCompile>
    <ClCompile Include="kdtree_search.cpp">
      <Filter>Source Files</Filter>
    </ClCompile>
    <ClCompile Include="map_io.cpp">
      <Filter>Source Files</Filter>
    </ClCompile>
    <ClCompile Include="map_serializer.cpp">
      <Filter>Source Files</Filter>
    </ClCompile>
    <ClCompile Include="map_serializer_obj.cpp">
      <Filter>Source Files</Filter>
    </ClCompile>
    <ClCompile Include="point_set_io.cpp">
      <Filter>Source Files</Filter>
    </ClCompile>
    <ClCompile Include="point_set_serializer_vg.cpp">
      <Filter>Source Files</Filter>
    </ClCompile>
  </ItemGroup>
  <ItemGroup>
    <ClInclude Include="iterators.h">
      <Filter>Header Files</Filter>
    </ClInclude>
    <ClInclude Include="map.h">
      <Filter>Header Files</Filter>
    </ClInclude>
    <ClInclude Include="map_attributes.h">
      <Filter>Header Files</Filter>
    </ClInclude>
    <ClInclude Include="map_builder.h">
      <Filter>Header Files</Filter>
    </ClInclude>
    <ClInclude Include="map_cells.h">
      <Filter>Header Files</Filter>
    </ClInclude>
    <ClInclude Include="map_circulators.h">
      <Filter>Header Files</Filter>
    </ClInclude>
    <ClInclude Include="map_copier.h">
      <Filter>Header Files</Filter>
    </ClInclude>
    <ClInclude Include="map_editor.h">
      <Filter>Header Files</Filter>
    </ClInclude>
    <ClInclude Include="map_enumerator.h">
      <Filter>Header Files</Filter>
    </ClInclude>
    <ClInclude Include="map_geometry.h">
      <Filter>Header Files</Filter>
    </ClInclude>
    <ClInclude Include="point_set.h">
      <Filter>Header Files</Filter>
    </ClInclude>
    <ClInclude Include="vertex_group.h">
      <Filter>Header Files</Filter>
    </ClInclude>
    <ClInclude Include="kdtree\kdTree.h">
      <Filter>kdtree</Filter>
    </ClInclude>
    <ClInclude Include="kdtree\PriorityQueue.h">
      <Filter>kdtree</Filter>
    </ClInclude>
    <ClInclude Include="kdtree\QueryGrid.h">
      <Filter>kdtree</Filter>
    </ClInclude>
    <ClInclude Include="kdtree\vector2D.h">
      <Filter>kdtree</Filter>
    </ClInclude>
    <ClInclude Include="kdtree\vector3D.h">
      <Filter>kdtree</Filter>
    </ClInclude>
    <ClInclude Include="kdtree_search.h">
      <Filter>Header Files</Filter>
    </ClInclude>
    <ClInclude Include="map_io.h">
      <Filter>Header Files</Filter>
    </ClInclude>
    <ClInclude Include="map_serializer.h">
      <Filter>Header Files</Filter>
    </ClInclude>
    <ClInclude Include="map_serializer_obj.h">
      <Filter>Header Files</Filter>
    </ClInclude>
    <ClInclude Include="model_common.h">
      <Filter>Header Files</Filter>
    </ClInclude>
    <ClInclude Include="point_set_io.h">
      <Filter>Header Files</Filter>
    </ClInclude>
    <ClInclude Include="point_set_serializer_vg.h">
      <Filter>Header Files</Filter>
    </ClInclude>
  </ItemGroup>
</Project>