
Microsoft Visual Studio Solution File, Format Version 12.00
# Visual Studio 15
VisualStudioVersion = 15.0.27130.2036
MinimumVisualStudioVersion = 10.0.40219.1
Project("{8BC9CEB8-8B4A-11D0-8D11-00A0C91BC942}") = "PolyFit", "PolyFit\PolyFit.vcxproj", "{D5DCB796-638E-405E-BE60-A779B1743C37}"
EndProject
Project("{8BC9CEB8-8B4A-11D0-8D11-00A0C91BC942}") = "3rd_qglviewer", "3rd_QGLViewer-2.6.3\3rd_qglviewer.vcxproj", "{944083FE-23C5-3EDE-A305-0C342D1AF872}"
EndProject
Project("{8BC9CEB8-8B4A-11D0-8D11-00A0C91BC942}") = "basic", "basic\basic.vcxproj", "{B83A04F9-4270-4440-9D1A-80DCAAB009C4}"
EndProject
Project("{8BC9CEB8-8B4A-11D0-8D11-00A0C91BC942}") = "model", "model\model.vcxproj", "{206AEC20-3F2A-42C8-A0D7-20407748FFAD}"
EndProject
Project("{8BC9CEB8-8B4A-11D0-8D11-00A0C91BC942}") = "math", "math\math.vcxproj", "{DE0A5C55-3BD4-4CC3-AA21-A57C577F4584}"
EndProject
Project("{8BC9CEB8-8B4A-11D0-8D11-00A0C91BC942}") = "renderer", "renderer\renderer.vcxproj", "{8CDA3B99-3A5A-446C-9E26-F2654D858AB6}"
EndProject
Project("{8BC9CEB8-8B4A-11D0-8D11-00A0C91BC942}") = "method", "method\method.vcxproj", "{BD2ABD61-B17B-4EFA-BA63-91A6623894D5}"
EndProject
Project("{8BC9CEB8-8B4A-11D0-8D11-00A0C91BC942}") = "3rd_lpsolve", "3rd_lpsolve\3rd_lpsolve.vcxproj", "{1597A9CE-C201-4394-AF0D-212E93F3B89C}"
EndProject
Project("{2150E333-8FDC-42A3-9474-1A3956D46DE8}") = "Solution Items", "Solution Items", "{45EEA339-E627-4DA0-A19F-1527A4AE58F4}"
	ProjectSection(SolutionItems) = preProject
		LICENSE = LICENSE
		ReadMe-data.md = ReadMe-data.md
		ReadMe.md = ReadMe.md
		Tricks for pairwise intersection.pdf = Tricks for pairwise intersection.pdf
	EndProjectSection
EndProject
Project("{8BC9CEB8-8B4A-11D0-8D11-00A0C91BC942}") = "3rd_glpk", "3rd_glpk\3rd_glpk.vcxproj", "{2048E60D-2AE8-3654-9E9C-AA3CA59E181F}"
EndProject
Project("{8BC9CEB8-8B4A-11D0-8D11-00A0C91BC942}") = "TestLinearProgramSolver", "TestLinearProgramSolver\TestLinearProgramSolver.vcxproj", "{60DA54F6-602C-48AB-9006-E2B93065F604}"
EndProject
Project("{2150E333-8FDC-42A3-9474-1A3956D46DE8}") = "Test", "Test", "{E68C9BBE-3D6E-4B56-B603-1153E8A11C22}"
EndProject
Global
	GlobalSection(SolutionConfigurationPlatforms) = preSolution
		Debug|x64 = Debug|x64
		Debug|x86 = Debug|x86
		Release|x64 = Release|x64
		Release|x86 = Release|x86
	EndGlobalSection
	GlobalSection(ProjectConfigurationPlatforms) = postSolution
		{D5DCB796-638E-405E-BE60-A779B1743C37}.Debug|x64.ActiveCfg = Debug|x64
		{D5DCB796-638E-405E-BE60-A779B1743C37}.Debug|x64.Build.0 = Debug|x64
		{D5DCB796-638E-405E-BE60-A779B1743C37}.Debug|x86.ActiveCfg = Debug|x64
		{D5DCB796-638E-405E-BE60-A779B1743C37}.Release|x64.ActiveCfg = Release|x64
		{D5DCB796-638E-405E-BE60-A779B1743C37}.Release|x64.Build.0 = Release|x64
		{D5DCB796-638E-405E-BE60-A779B1743C37}.Release|x86.ActiveCfg = Release|x64
		{944083FE-23C5-3EDE-A305-0C342D1AF872}.Debug|x64.ActiveCfg = Debug|x64
		{944083FE-23C5-3EDE-A305-0C342D1AF872}.Debug|x64.Build.0 = Debug|x64
		{944083FE-23C5-3EDE-A305-0C342D1AF872}.Debug|x86.ActiveCfg = Debug|x64
		{944083FE-23C5-3EDE-A305-0C342D1AF872}.Release|x64.ActiveCfg = Release|x64
		{944083FE-23C5-3EDE-A305-0C342D1AF872}.Release|x64.Build.0 = Release|x64
		{944083FE-23C5-3EDE-A305-0C342D1AF872}.Release|x86.ActiveCfg = Release|x64
		{B83A04F9-4270-4440-9D1A-80DCAAB009C4}.Debug|x64.ActiveCfg = Debug|x64
		{B83A04F9-4270-4440-9D1A-80DCAAB009C4}.Debug|x64.Build.0 = Debug|x64
		{B83A04F9-4270-4440-9D1A-80DCAAB009C4}.Debug|x86.ActiveCfg = Debug|x64
		{B83A04F9-4270-4440-9D1A-80DCAAB009C4}.Release|x64.ActiveCfg = Release|x64
		{B83A04F9-4270-4440-9D1A-80DCAAB009C4}.Release|x64.Build.0 = Release|x64
		{B83A04F9-4270-4440-9D1A-80DCAAB009C4}.Release|x86.ActiveCfg = Release|x64
		{206AEC20-3F2A-42C8-A0D7-20407748FFAD}.Debug|x64.ActiveCfg = Debug|x64
		{206AEC20-3F2A-42C8-A0D7-20407748FFAD}.Debug|x64.Build.0 = Debug|x64
		{206AEC20-3F2A-42C8-A0D7-20407748FFAD}.Debug|x86.ActiveCfg = Debug|x64
		{206AEC20-3F2A-42C8-A0D7-20407748FFAD}.Release|x64.ActiveCfg = Release|x64
		{206AEC20-3F2A-42C8-A0D7-20407748FFAD}.Release|x64.Build.0 = Release|x64
		{206AEC20-3F2A-42C8-A0D7-20407748FFAD}.Release|x86.ActiveCfg = Release|x64
		{DE0A5C55-3BD4-4CC3-AA21-A57C577F4584}.Debug|x64.ActiveCfg = Debug|x64
		{DE0A5C55-3BD4-4CC3-AA21-A57C577F4584}.Debug|x64.Build.0 = Debug|x64
		{DE0A5C55-3BD4-4CC3-AA21-A57C577F4584}.Debug|x86.ActiveCfg = Debug|x64
		{DE0A5C55-3BD4-4CC3-AA21-A57C577F4584}.Release|x64.ActiveCfg = Release|x64
		{DE0A5C55-3BD4-4CC3-AA21-A57C577F4584}.Release|x64.Build.0 = Release|x64
		{DE0A5C55-3BD4-4CC3-AA21-A57C577F4584}.Release|x86.ActiveCfg = Release|x64
		{8CDA3B99-3A5A-446C-9E26-F2654D858AB6}.Debug|x64.ActiveCfg = Debug|x64
		{8CDA3B99-3A5A-446C-9E26-F2654D858AB6}.Debug|x64.Build.0 = Debug|x64
		{8CDA3B99-3A5A-446C-9E26-F2654D858AB6}.Debug|x86.ActiveCfg = Debug|x64
		{8CDA3B99-3A5A-446C-9E26-F2654D858AB6}.Release|x64.ActiveCfg = Release|x64
		{8CDA3B99-3A5A-446C-9E26-F2654D858AB6}.Release|x64.Build.0 = Release|x64
		{8CDA3B99-3A5A-446C-9E26-F2654D858AB6}.Release|x86.ActiveCfg = Release|x64
		{BD2ABD61-B17B-4EFA-BA63-91A6623894D5}.Debug|x64.ActiveCfg = Debug|x64
		{BD2ABD61-B17B-4EFA-BA63-91A6623894D5}.Debug|x64.Build.0 = Debug|x64
		{BD2ABD61-B17B-4EFA-BA63-91A6623894D5}.Debug|x86.ActiveCfg = Debug|x64
		{BD2ABD61-B17B-4EFA-BA63-91A6623894D5}.Release|x64.ActiveCfg = Release|x64
		{BD2ABD61-B17B-4EFA-BA63-91A6623894D5}.Release|x64.Build.0 = Release|x64
		{BD2ABD61-B17B-4EFA-BA63-91A6623894D5}.Release|x86.ActiveCfg = Release|x64
		{1597A9CE-C201-4394-AF0D-212E93F3B89C}.Debug|x64.ActiveCfg = Debug|x64
		{1597A9CE-C201-4394-AF0D-212E93F3B89C}.Debug|x64.Build.0 = Debug|x64
		{1597A9CE-C201-4394-AF0D-212E93F3B89C}.Debug|x86.ActiveCfg = Debug|x64
		{1597A9CE-C201-4394-AF0D-212E93F3B89C}.Release|x64.ActiveCfg = Release|x64
		{1597A9CE-C201-4394-AF0D-212E93F3B89C}.Release|x64.Build.0 = Release|x64
		{1597A9CE-C201-4394-AF0D-212E93F3B89C}.Release|x86.ActiveCfg = Release|x64
		{2048E60D-2AE8-3654-9E9C-AA3CA59E181F}.Debug|x64.ActiveCfg = Debug|x64
		{2048E60D-2AE8-3654-9E9C-AA3CA59E181F}.Debug|x64.Build.0 = Debug|x64
		{2048E60D-2AE8-3654-9E9C-AA3CA59E181F}.Debug|x86.ActiveCfg = Debug|x64
		{2048E60D-2AE8-3654-9E9C-AA3CA59E181F}.Release|x64.ActiveCfg = Release|x64
		{2048E60D-2AE8-3654-9E9C-AA3CA59E181F}.Release|x64.Build.0 = Release|x64
		{2048E60D-2AE8-3654-9E9C-AA3CA59E181F}.Release|x86.ActiveCfg = Release|x64
		{60DA54F6-602C-48AB-9006-E2B93065F604}.Debug|x64.ActiveCfg = Debug|x64
		{60DA54F6-602C-48AB-9006-E2B93065F604}.Debug|x64.Build.0 = Debug|x64
		{60DA54F6-602C-48AB-9006-E2B93065F604}.Debug|x86.ActiveCfg = Debug|Win32
		{60DA54F6-602C-48AB-9006-E2B93065F604}.Debug|x86.Build.0 = Debug|Win32
		{60DA54F6-602C-48AB-9006-E2B93065F604}.Release|x64.ActiveCfg = Release|x64
		{60DA54F6-602C-48AB-9006-E2B93065F604}.Release|x64.Build.0 = Release|x64
		{60DA54F6-602C-48AB-9006-E2B93065F604}.Release|x86.ActiveCfg = Release|Win32
		{60DA54F6-602C-48AB-9006-E2B93065F604}.Release|x86.Build.0 = Release|Win32
	EndGlobalSection
	GlobalSection(SolutionProperties) = preSolution
		HideSolutionNode = FALSE
	EndGlobalSection
	GlobalSection(NestedProjects) = preSolution
		{60DA54F6-602C-48AB-9006-E2B93065F604} = {E68C9BBE-3D6E-4B56-B603-1153E8A11C22}
	EndGlobalSection
	GlobalSection(ExtensibilityGlobals) = postSolution
		SolutionGuid = {7856704D-9E73-45AE-988F-95F8DE6A1429}
		QtVersion = 4.8.0
	EndGlobalSection
	GlobalSection(SubversionScc) = preSolution
		Svn-Managed = True
		Manager = AnkhSVN - Subversion Support for Visual Studio
	EndGlobalSection
	GlobalSection(Qt) = preSolution
		Integration = True
	EndGlobalSection
	GlobalSection(Qt) = preSolution
		Integration = True
	EndGlobalSection
	GlobalSection(Qt) = preSolution
		Integration = True
	EndGlobalSection
EndGlobal
