<?xml version="1.0" encoding="utf-8"?>
<Project ToolsVersion="14.0" xmlns="http://schemas.microsoft.com/developer/msbuild/2003">
  <ItemGroup>
    <ClCompile Include="amd\amd_1.c">
      <Filter>Source Files</Filter>
    </ClCompile>
    <ClCompile Include="amd\amd_2.c">
      <Filter>Source Files</Filter>
    </ClCompile>
    <ClCompile Include="amd\amd_aat.c">
      <Filter>Source Files</Filter>
    </ClCompile>
    <ClCompile Include="amd\amd_control.c">
      <Filter>Source Files</Filter>
    </ClCompile>
    <ClCompile Include="amd\amd_defaults.c">
      <Filter>Source Files</Filter>
    </ClCompile>
    <ClCompile Include="amd\amd_dump.c">
      <Filter>Source Files</Filter>
    </ClCompile>
    <ClCompile Include="amd\amd_info.c">
      <Filter>Source Files</Filter>
    </ClCompile>
    <ClCompile Include="amd\amd_order.c">
      <Filter>Source Files</Filter>
    </ClCompile>
    <ClCompile Include="amd\amd_post_tree.c">
      <Filter>Source Files</Filter>
    </ClCompile>
    <ClCompile Include="amd\amd_postorder.c">
      <Filter>Source Files</Filter>
    </ClCompile>
    <ClCompile Include="amd\amd_preprocess.c">
      <Filter>Source Files</Filter>
    </ClCompile>
    <ClCompile Include="amd\amd_valid.c">
      <Filter>Source Files</Filter>
    </ClCompile>
    <ClCompile Include="api\advbas.c">
      <Filter>Source Files</Filter>
    </ClCompile>
    <ClCompile Include="api\asnhall.c">
      <Filter>Source Files</Filter>
    </ClCompile>
    <ClCompile Include="api\asnlp.c">
      <Filter>Source Files</Filter>
    </ClCompile>
    <ClCompile Include="api\asnokalg.c">
      <Filter>Source Files</Filter>
    </ClCompile>
    <ClCompile Include="api\ckasn.c">
      <Filter>Source Files</Filter>
    </ClCompile>
    <ClCompile Include="api\ckcnf.c">
      <Filter>Source Files</Filter>
    </ClCompile>
    <ClCompile Include="api\cplex.c">
      <Filter>Source Files</Filter>
    </ClCompile>
    <ClCompile Include="api\cpp.c">
      <Filter>Source Files</Filter>
    </ClCompile>
    <ClCompile Include="api\cpxbas.c">
      <Filter>Source Files</Filter>
    </ClCompile>
    <ClCompile Include="api\graph.c">
      <Filter>Source Files</Filter>
    </ClCompile>
    <ClCompile Include="api\gridgen.c">
      <Filter>Source Files</Filter>
    </ClCompile>
    <ClCompile Include="api\intfeas1.c">
      <Filter>Source Files</Filter>
    </ClCompile>
    <ClCompile Include="api\maxffalg.c">
      <Filter>Source Files</Filter>
    </ClCompile>
    <ClCompile Include="api\maxflp.c">
      <Filter>Source Files</Filter>
    </ClCompile>
    <ClCompile Include="api\mcflp.c">
      <Filter>Source Files</Filter>
    </ClCompile>
    <ClCompile Include="api\mcfokalg.c">
      <Filter>Source Files</Filter>
    </ClCompile>
    <ClCompile Include="api\mcfrelax.c">
      <Filter>Source Files</Filter>
    </ClCompile>
    <ClCompile Include="api\minisat1.c">
      <Filter>Source Files</Filter>
    </ClCompile>
    <ClCompile Include="api\mpl.c">
      <Filter>Source Files</Filter>
    </ClCompile>
    <ClCompile Include="api\mps.c">
      <Filter>Source Files</Filter>
    </ClCompile>
    <ClCompile Include="api\netgen.c">
      <Filter>Source Files</Filter>
    </ClCompile>
    <ClCompile Include="api\pript.c">
      <Filter>Source Files</Filter>
    </ClCompile>
    <ClCompile Include="api\prmip.c">
      <Filter>Source Files</Filter>
    </ClCompile>
    <ClCompile Include="api\prob1.c">
      <Filter>Source Files</Filter>
    </ClCompile>
    <ClCompile Include="api\prob2.c">
      <Filter>Source Files</Filter>
    </ClCompile>
    <ClCompile Include="api\prob3.c">
      <Filter>Source Files</Filter>
    </ClCompile>
    <ClCompile Include="api\prob4.c">
      <Filter>Source Files</Filter>
    </ClCompile>
    <ClCompile Include="api\prob5.c">
      <Filter>Source Files</Filter>
    </ClCompile>
    <ClCompile Include="api\prrngs.c">
      <Filter>Source Files</Filter>
    </ClCompile>
    <ClCompile Include="api\prsol.c">
      <Filter>Source Files</Filter>
    </ClCompile>
    <ClCompile Include="api\rdasn.c">
      <Filter>Source Files</Filter>
    </ClCompile>
    <ClCompile Include="api\rdcc.c">
      <Filter>Source Files</Filter>
    </ClCompile>
    <ClCompile Include="api\rdcnf.c">
      <Filter>Source Files</Filter>
    </ClCompile>
    <ClCompile Include="api\rdipt.c">
      <Filter>Source Files</Filter>
    </ClCompile>
    <ClCompile Include="api\rdmaxf.c">
      <Filter>Source Files</Filter>
    </ClCompile>
    <ClCompile Include="api\rdmcf.c">
      <Filter>Source Files</Filter>
    </ClCompile>
    <ClCompile Include="api\rdmip.c">
      <Filter>Source Files</Filter>
    </ClCompile>
    <ClCompile Include="api\rdprob.c">
      <Filter>Source Files</Filter>
    </ClCompile>
    <ClCompile Include="api\rdsol.c">
      <Filter>Source Files</Filter>
    </ClCompile>
    <ClCompile Include="api\rmfgen.c">
      <Filter>Source Files</Filter>
    </ClCompile>
    <ClCompile Include="api\strong.c">
      <Filter>Source Files</Filter>
    </ClCompile>
    <ClCompile Include="api\topsort.c">
      <Filter>Source Files</Filter>
    </ClCompile>
    <ClCompile Include="api\wcliqex.c">
      <Filter>Source Files</Filter>
    </ClCompile>
    <ClCompile Include="api\weak.c">
      <Filter>Source Files</Filter>
    </ClCompile>
    <ClCompile Include="api\wrasn.c">
      <Filter>Source Files</Filter>
    </ClCompile>
    <ClCompile Include="api\wrcc.c">
      <Filter>Source Files</Filter>
    </ClCompile>
    <ClCompile Include="api\wrcnf.c">
      <Filter>Source Files</Filter>
    </ClCompile>
    <ClCompile Include="api\wript.c">
      <Filter>Source Files</Filter>
    </ClCompile>
    <ClCompile Include="api\wrmaxf.c">
      <Filter>Source Files</Filter>
    </ClCompile>
    <ClCompile Include="api\wrmcf.c">
      <Filter>Source Files</Filter>
    </ClCompile>
    <ClCompile Include="api\wrmip.c">
      <Filter>Source Files</Filter>
    </ClCompile>
    <ClCompile Include="api\wrprob.c">
      <Filter>Source Files</Filter>
    </ClCompile>
    <ClCompile Include="api\wrsol.c">
      <Filter>Source Files</Filter>
    </ClCompile>
    <ClCompile Include="bflib\btf.c">
      <Filter>Source Files</Filter>
    </ClCompile>
    <ClCompile Include="bflib\btfint.c">
      <Filter>Source Files</Filter>
    </ClCompile>
    <ClCompile Include="bflib\fhv.c">
      <Filter>Source Files</Filter>
    </ClCompile>
    <ClCompile Include="bflib\fhvint.c">
      <Filter>Source Files</Filter>
    </ClCompile>
    <ClCompile Include="bflib\ifu.c">
      <Filter>Source Files</Filter>
    </ClCompile>
    <ClCompile Include="bflib\luf.c">
      <Filter>Source Files</Filter>
    </ClCompile>
    <ClCompile Include="bflib\lufint.c">
      <Filter>Source Files</Filter>
    </ClCompile>
    <ClCompile Include="bflib\scf.c">
      <Filter>Source Files</Filter>
    </ClCompile>
    <ClCompile Include="bflib\scfint.c">
      <Filter>Source Files</Filter>
    </ClCompile>
    <ClCompile Include="bflib\sgf.c">
      <Filter>Source Files</Filter>
    </ClCompile>
    <ClCompile Include="bflib\sva.c">
      <Filter>Source Files</Filter>
    </ClCompile>
    <ClCompile Include="colamd\colamd.c">
      <Filter>Source Files</Filter>
    </ClCompile>
    <ClCompile Include="draft\bfd.c">
      <Filter>Source Files</Filter>
    </ClCompile>
    <ClCompile Include="draft\bfx.c">
      <Filter>Source Files</Filter>
    </ClCompile>
    <ClCompile Include="draft\glpapi06.c">
      <Filter>Source Files</Filter>
    </ClCompile>
    <ClCompile Include="draft\glpapi07.c">
      <Filter>Source Files</Filter>
    </ClCompile>
    <ClCompile Include="draft\glpapi08.c">
      <Filter>Source Files</Filter>
    </ClCompile>
    <ClCompile Include="draft\glpapi09.c">
      <Filter>Source Files</Filter>
    </ClCompile>
    <ClCompile Include="draft\glpapi10.c">
      <Filter>Source Files</Filter>
    </ClCompile>
    <ClCompile Include="draft\glpapi12.c">
      <Filter>Source Files</Filter>
    </ClCompile>
    <ClCompile Include="draft\glpapi13.c">
      <Filter>Source Files</Filter>
    </ClCompile>
    <ClCompile Include="draft\glphbm.c">
      <Filter>Source Files</Filter>
    </ClCompile>
    <ClCompile Include="draft\glpios01.c">
      <Filter>Source Files</Filter>
    </ClCompile>
    <ClCompile Include="draft\glpios02.c">
      <Filter>Source Files</Filter>
    </ClCompile>
    <ClCompile Include="draft\glpios03.c">
      <Filter>Source Files</Filter>
    </ClCompile>
    <ClCompile Include="draft\glpios07.c">
      <Filter>Source Files</Filter>
    </ClCompile>
    <ClCompile Include="draft\glpios09.c">
      <Filter>Source Files</Filter>
    </ClCompile>
    <ClCompile Include="draft\glpios11.c">
      <Filter>Source Files</Filter>
    </ClCompile>
    <ClCompile Include="draft\glpios12.c">
      <Filter>Source Files</Filter>
    </ClCompile>
    <ClCompile Include="draft\glpipm.c">
      <Filter>Source Files</Filter>
    </ClCompile>
    <ClCompile Include="draft\glpmat.c">
      <Filter>Source Files</Filter>
    </ClCompile>
    <ClCompile Include="draft\glprgr.c">
      <Filter>Source Files</Filter>
    </ClCompile>
    <ClCompile Include="draft\glpscl.c">
      <Filter>Source Files</Filter>
    </ClCompile>
    <ClCompile Include="draft\glpspm.c">
      <Filter>Source Files</Filter>
    </ClCompile>
    <ClCompile Include="draft\glpssx01.c">
      <Filter>Source Files</Filter>
    </ClCompile>
    <ClCompile Include="draft\glpssx02.c">
      <Filter>Source Files</Filter>
    </ClCompile>
    <ClCompile Include="draft\lux.c">
      <Filter>Source Files</Filter>
    </ClCompile>
    <ClCompile Include="env\alloc.c">
      <Filter>Source Files</Filter>
    </ClCompile>
    <ClCompile Include="env\dlsup.c">
      <Filter>Source Files</Filter>
    </ClCompile>
    <ClCompile Include="env\env.c">
      <Filter>Source Files</Filter>
    </ClCompile>
    <ClCompile Include="env\error.c">
      <Filter>Source Files</Filter>
    </ClCompile>
    <ClCompile Include="env\stdc.c">
      <Filter>Source Files</Filter>
    </ClCompile>
    <ClCompile Include="env\stdout.c">
      <Filter>Source Files</Filter>
    </ClCompile>
    <ClCompile Include="env\stream.c">
      <Filter>Source Files</Filter>
    </ClCompile>
    <ClCompile Include="env\time.c">
      <Filter>Source Files</Filter>
    </ClCompile>
    <ClCompile Include="env\tls.c">
      <Filter>Source Files</Filter>
    </ClCompile>
    <ClCompile Include="minisat\minisat.c">
      <Filter>Source Files</Filter>
    </ClCompile>
    <ClCompile Include="misc\avl.c">
      <Filter>Source Files</Filter>
    </ClCompile>
    <ClCompile Include="misc\bignum.c">
      <Filter>Source Files</Filter>
    </ClCompile>
    <ClCompile Include="misc\dimacs.c">
      <Filter>Source Files</Filter>
    </ClCompile>
    <ClCompile Include="misc\dmp.c">
      <Filter>Source Files</Filter>
    </ClCompile>
    <ClCompile Include="misc\ffalg.c">
      <Filter>Source Files</Filter>
    </ClCompile>
    <ClCompile Include="misc\fp2rat.c">
      <Filter>Source Files</Filter>
    </ClCompile>
    <ClCompile Include="misc\gcd.c">
      <Filter>Source Files</Filter>
    </ClCompile>
    <ClCompile Include="misc\jd.c">
      <Filter>Source Files</Filter>
    </ClCompile>
    <ClCompile Include="misc\keller.c">
      <Filter>Source Files</Filter>
    </ClCompile>
    <ClCompile Include="misc\mc13d.c">
      <Filter>Source Files</Filter>
    </ClCompile>
    <ClCompile Include="misc\mc21a.c">
      <Filter>Source Files</Filter>
    </ClCompile>
    <ClCompile Include="misc\mygmp.c">
      <Filter>Source Files</Filter>
    </ClCompile>
    <ClCompile Include="misc\okalg.c">
      <Filter>Source Files</Filter>
    </ClCompile>
    <ClCompile Include="misc\qmd.c">
      <Filter>Source Files</Filter>
    </ClCompile>
    <ClCompile Include="misc\relax4.c">
      <Filter>Source Files</Filter>
    </ClCompile>
    <ClCompile Include="misc\rng.c">
      <Filter>Source Files</Filter>
    </ClCompile>
    <ClCompile Include="misc\rng1.c">
      <Filter>Source Files</Filter>
    </ClCompile>
    <ClCompile Include="misc\round2n.c">
      <Filter>Source Files</Filter>
    </ClCompile>
    <ClCompile Include="misc\str2int.c">
      <Filter>Source Files</Filter>
    </ClCompile>
    <ClCompile Include="misc\str2num.c">
      <Filter>Source Files</Filter>
    </ClCompile>
    <ClCompile Include="misc\strspx.c">
      <Filter>Source Files</Filter>
    </ClCompile>
    <ClCompile Include="misc\strtrim.c">
      <Filter>Source Files</Filter>
    </ClCompile>
    <ClCompile Include="misc\triang.c">
      <Filter>Source Files</Filter>
    </ClCompile>
    <ClCompile Include="misc\wclique.c">
      <Filter>Source Files</Filter>
    </ClCompile>
    <ClCompile Include="misc\wclique1.c">
      <Filter>Source Files</Filter>
    </ClCompile>
    <ClCompile Include="mpl\mpl1.c">
      <Filter>Source Files</Filter>
    </ClCompile>
    <ClCompile Include="mpl\mpl2.c">
      <Filter>Source Files</Filter>
    </ClCompile>
    <ClCompile Include="mpl\mpl3.c">
      <Filter>Source Files</Filter>
    </ClCompile>
    <ClCompile Include="mpl\mpl4.c">
      <Filter>Source Files</Filter>
    </ClCompile>
    <ClCompile Include="mpl\mpl5.c">
      <Filter>Source Files</Filter>
    </ClCompile>
    <ClCompile Include="mpl\mpl6.c">
      <Filter>Source Files</Filter>
    </ClCompile>
    <ClCompile Include="mpl\mplsql.c">
      <Filter>Source Files</Filter>
    </ClCompile>
    <ClCompile Include="proxy\proxy.c">
      <Filter>Source Files</Filter>
    </ClCompile>
    <ClCompile Include="proxy\proxy1.c">
      <Filter>Source Files</Filter>
    </ClCompile>
    <ClCompile Include="simplex\spxat.c">
      <Filter>Source Files</Filter>
    </ClCompile>
    <ClCompile Include="simplex\spxchuzc.c">
      <Filter>Source Files</Filter>
    </ClCompile>
    <ClCompile Include="simplex\spxchuzr.c">
      <Filter>Source Files</Filter>
    </ClCompile>
    <ClCompile Include="simplex\spxlp.c">
      <Filter>Source Files</Filter>
    </ClCompile>
    <ClCompile Include="simplex\spxnt.c">
      <Filter>Source Files</Filter>
    </ClCompile>
    <ClCompile Include="simplex\spxprim.c">
      <Filter>Source Files</Filter>
    </ClCompile>
    <ClCompile Include="simplex\spxprob.c">
      <Filter>Source Files</Filter>
    </ClCompile>
    <ClCompile Include="simplex\spychuzc.c">
      <Filter>Source Files</Filter>
    </ClCompile>
    <ClCompile Include="simplex\spychuzr.c">
      <Filter>Source Files</Filter>
    </ClCompile>
    <ClCompile Include="simplex\spydual.c">
      <Filter>Source Files</Filter>
    </ClCompile>
    <ClCompile Include="zlib\adler32.c">
      <Filter>Source Files</Filter>
    </ClCompile>
    <ClCompile Include="zlib\compress.c">
      <Filter>Source Files</Filter>
    </ClCompile>
    <ClCompile Include="zlib\crc32.c">
      <Filter>Source Files</Filter>
    </ClCompile>
    <ClCompile Include="zlib\deflate.c">
      <Filter>Source Files</Filter>
    </ClCompile>
    <ClCompile Include="zlib\gzclose.c">
      <Filter>Source Files</Filter>
    </ClCompile>
    <ClCompile Include="zlib\gzlib.c">
      <Filter>Source Files</Filter>
    </ClCompile>
    <ClCompile Include="zlib\gzread.c">
      <Filter>Source Files</Filter>
    </ClCompile>
    <ClCompile Include="zlib\gzwrite.c">
      <Filter>Source Files</Filter>
    </ClCompile>
    <ClCompile Include="zlib\inffast.c">
      <Filter>Source Files</Filter>
    </ClCompile>
    <ClCompile Include="zlib\inflate.c">
      <Filter>Source Files</Filter>
    </ClCompile>
    <ClCompile Include="zlib\inftrees.c">
      <Filter>Source Files</Filter>
    </ClCompile>
    <ClCompile Include="zlib\trees.c">
      <Filter>Source Files</Filter>
    </ClCompile>
    <ClCompile Include="zlib\uncompr.c">
      <Filter>Source Files</Filter>
    </ClCompile>
    <ClCompile Include="zlib\zio.c">
      <Filter>Source Files</Filter>
    </ClCompile>
    <ClCompile Include="zlib\zutil.c">
      <Filter>Source Files</Filter>
    </ClCompile>
    <ClCompile Include="intopt\covgen.c">
      <Filter>Source Files</Filter>
    </ClCompile>
    <ClCompile Include="intopt\cfg.c">
      <Filter>Source Files</Filter>
    </ClCompile>
    <ClCompile Include="intopt\cfg1.c">
      <Filter>Source Files</Filter>
    </ClCompile>
    <ClCompile Include="intopt\cfg2.c">
      <Filter>Source Files</Filter>
    </ClCompile>
    <ClCompile Include="intopt\clqcut.c">
      <Filter>Source Files</Filter>
    </ClCompile>
    <ClCompile Include="intopt\fpump.c">
      <Filter>Source Files</Filter>
    </ClCompile>
    <ClCompile Include="misc\fvs.c">
      <Filter>Source Files</Filter>
    </ClCompile>
    <ClCompile Include="intopt\gmicut.c">
      <Filter>Source Files</Filter>
    </ClCompile>
    <ClCompile Include="intopt\gmigen.c">
      <Filter>Source Files</Filter>
    </ClCompile>
    <ClCompile Include="misc\ks.c">
      <Filter>Source Files</Filter>
    </ClCompile>
    <ClCompile Include="proxy\main.c">
      <Filter>Source Files</Filter>
    </ClCompile>
    <ClCompile Include="intopt\mirgen.c">
      <Filter>Source Files</Filter>
    </ClCompile>
    <ClCompile Include="misc\mt1.c">
      <Filter>Source Files</Filter>
    </ClCompile>
    <ClCompile Include="api\npp.c">
      <Filter>Source Files</Filter>
    </ClCompile>
    <ClCompile Include="npp\npp1.c">
      <Filter>Source Files</Filter>
    </ClCompile>
    <ClCompile Include="npp\npp2.c">
      <Filter>Source Files</Filter>
    </ClCompile>
    <ClCompile Include="npp\npp3.c">
      <Filter>Source Files</Filter>
    </ClCompile>
    <ClCompile Include="npp\npp4.c">
      <Filter>Source Files</Filter>
    </ClCompile>
    <ClCompile Include="npp\npp5.c">
      <Filter>Source Files</Filter>
    </ClCompile>
    <ClCompile Include="npp\npp6.c">
      <Filter>Source Files</Filter>
    </ClCompile>
    <ClCompile Include="intopt\spv.c">
      <Filter>Source Files</Filter>
    </ClCompile>
  </ItemGroup>
  <ItemGroup>
    <Filter Include="Source Files">
      <UniqueIdentifier>{AF83A112-5345-35D7-8E64-6AF30EE54D6F}</UniqueIdentifier>
    </Filter>
    <Filter Include="Header Files">
      <UniqueIdentifier>{98ad3e8e-fd33-4604-a3b4-f0235a09d37b}</UniqueIdentifier>
    </Filter>
  </ItemGroup>
  <ItemGroup>
    <ClInclude Include="glpk.h">
      <Filter>Header Files</Filter>
    </ClInclude>
  </ItemGroup>
</Project>