<?xml version="1.0" encoding="utf-8"?>
<Project ToolsVersion="4.0" xmlns="http://schemas.microsoft.com/developer/msbuild/2003">
  <ItemGroup>
    <Filter Include="Source Files">
      <UniqueIdentifier>{4FC737F1-C7A5-4376-A066-2A32D752A2FF}</UniqueIdentifier>
      <Extensions>cpp;c;cc;cxx;def;odl;idl;hpj;bat;asm;asmx</Extensions>
    </Filter>
    <Filter Include="Header Files">
      <UniqueIdentifier>{93995380-89BD-4b04-88EB-625FBE52EBFB}</UniqueIdentifier>
      <Extensions>h;hh;hpp;hxx;hm;inl;inc;xsd</Extensions>
    </Filter>
  </ItemGroup>
  <ItemGroup>
    <ClCompile Include="math_types.cpp">
      <Filter>Source Files</Filter>
    </ClCompile>
    <ClCompile Include="principal_axes.cpp">
      <Filter>Source Files</Filter>
    </ClCompile>
    <ClCompile Include="semi_definite_symmetric_eigen.cpp">
      <Filter>Source Files</Filter>
    </ClCompile>
    <ClCompile Include="polygon2d.cpp">
      <Filter>Source Files</Filter>
    </ClCompile>
    <ClCompile Include="quaternion.cpp">
      <Filter>Source Files</Filter>
    </ClCompile>
    <ClCompile Include="binary_program.cpp">
      <Filter>Source Files</Filter>
    </ClCompile>
  </ItemGroup>
  <ItemGroup>
    <ClInclude Include="box.h">
      <Filter>Header Files</Filter>
    </ClInclude>
    <ClInclude Include="line.h">
      <Filter>Header Files</Filter>
    </ClInclude>
    <ClInclude Include="math_common.h">
      <Filter>Header Files</Filter>
    </ClInclude>
    <ClInclude Include="math_types.h">
      <Filter>Header Files</Filter>
    </ClInclude>
    <ClInclude Include="matrix.h">
      <Filter>Header Files</Filter>
    </ClInclude>
    <ClInclude Include="plane.h">
      <Filter>Header Files</Filter>
    </ClInclude>
    <ClInclude Include="polygon2d.h">
      <Filter>Header Files</Filter>
    </ClInclude>
    <ClInclude Include="principal_axes.h">
      <Filter>Header Files</Filter>
    </ClInclude>
    <ClInclude Include="semi_definite_symmetric_eigen.h">
      <Filter>Header Files</Filter>
    </ClInclude>
    <ClInclude Include="vecg.h">
      <Filter>Header Files</Filter>
    </ClInclude>
    <ClInclude Include="quaternion.h">
      <Filter>Header Files</Filter>
    </ClInclude>
    <ClInclude Include="binary_program.h">
      <Filter>Header Files</Filter>
    </ClInclude>
  </ItemGroup>
</Project>