<?xml version="1.0" encoding="utf-8"?>
<Project ToolsVersion="15.0" xmlns="http://schemas.microsoft.com/developer/msbuild/2003">
  <ItemGroup>
    <ClCompile Include="blockmemshell\memory.c">
      <Filter>Source Files</Filter>
    </ClCompile>
    <ClCompile Include="scip\message.c">
      <Filter>Source Files</Filter>
    </ClCompile>
    <ClCompile Include="scip\bitencode.c">
      <Filter>Source Files</Filter>
    </ClCompile>
    <ClCompile Include="scip\bandit.c">
      <Filter>Source Files</Filter>
    </ClCompile>
    <ClCompile Include="scip\bandit_epsgreedy.c">
      <Filter>Source Files</Filter>
    </ClCompile>
    <ClCompile Include="scip\bandit_exp3.c">
      <Filter>Source Files</Filter>
    </ClCompile>
    <ClCompile Include="scip\bandit_ucb.c">
      <Filter>Source Files</Filter>
    </ClCompile>
    <ClCompile Include="scip\branch_allfullstrong.c">
      <Filter>Source Files</Filter>
    </ClCompile>
    <ClCompile Include="scip\branch_cloud.c">
      <Filter>Source Files</Filter>
    </ClCompile>
    <ClCompile Include="scip\branch_distribution.c">
      <Filter>Source Files</Filter>
    </ClCompile>
    <ClCompile Include="scip\branch_fullstrong.c">
      <Filter>Source Files</Filter>
    </ClCompile>
    <ClCompile Include="scip\branch_inference.c">
      <Filter>Source Files</Filter>
    </ClCompile>
    <ClCompile Include="scip\branch_leastinf.c">
      <Filter>Source Files</Filter>
    </ClCompile>
    <ClCompile Include="scip\branch_mostinf.c">
      <Filter>Source Files</Filter>
    </ClCompile>
    <ClCompile Include="scip\branch_multaggr.c">
      <Filter>Source Files</Filter>
    </ClCompile>
    <ClCompile Include="scip\branch_nodereopt.c">
      <Filter>Source Files</Filter>
    </ClCompile>
    <ClCompile Include="scip\branch_pscost.c">
      <Filter>Source Files</Filter>
    </ClCompile>
    <ClCompile Include="scip\branch_random.c">
      <Filter>Source Files</Filter>
    </ClCompile>
    <ClCompile Include="scip\branch_relpscost.c">
      <Filter>Source Files</Filter>
    </ClCompile>
    <ClCompile Include="scip\cons_abspower.c">
      <Filter>Source Files</Filter>
    </ClCompile>
    <ClCompile Include="scip\compr_largestrepr.c">
      <Filter>Source Files</Filter>
    </ClCompile>
    <ClCompile Include="scip\compr_weakcompr.c">
      <Filter>Source Files</Filter>
    </ClCompile>
    <ClCompile Include="scip\concsolver_scip.c">
      <Filter>Source Files</Filter>
    </ClCompile>
    <ClCompile Include="scip\cons_and.c">
      <Filter>Source Files</Filter>
    </ClCompile>
    <ClCompile Include="scip\cons_bivariate.c">
      <Filter>Source Files</Filter>
    </ClCompile>
    <ClCompile Include="scip\cons_bounddisjunction.c">
      <Filter>Source Files</Filter>
    </ClCompile>
    <ClCompile Include="scip\cons_cardinality.c">
      <Filter>Source Files</Filter>
    </ClCompile>
    <ClCompile Include="scip\cons_components.c">
      <Filter>Source Files</Filter>
    </ClCompile>
    <ClCompile Include="scip\cons_conjunction.c">
      <Filter>Source Files</Filter>
    </ClCompile>
    <ClCompile Include="scip\cons_countsols.c">
      <Filter>Source Files</Filter>
    </ClCompile>
    <ClCompile Include="scip\cons_cumulative.c">
      <Filter>Source Files</Filter>
    </ClCompile>
    <ClCompile Include="scip\cons_disjunction.c">
      <Filter>Source Files</Filter>
    </ClCompile>
    <ClCompile Include="scip\cons_indicator.c">
      <Filter>Source Files</Filter>
    </ClCompile>
    <ClCompile Include="scip\cons_integral.c">
      <Filter>Source Files</Filter>
    </ClCompile>
    <ClCompile Include="scip\cons_knapsack.c">
      <Filter>Source Files</Filter>
    </ClCompile>
    <ClCompile Include="scip\cons_linear.c">
      <Filter>Source Files</Filter>
    </ClCompile>
    <ClCompile Include="scip\cons_linking.c">
      <Filter>Source Files</Filter>
    </ClCompile>
    <ClCompile Include="scip\cons_logicor.c">
      <Filter>Source Files</Filter>
    </ClCompile>
    <ClCompile Include="scip\cons_nonlinear.c">
      <Filter>Source Files</Filter>
    </ClCompile>
    <ClCompile Include="scip\cons_or.c">
      <Filter>Source Files</Filter>
    </ClCompile>
    <ClCompile Include="scip\cons_orbisack.c">
      <Filter>Source Files</Filter>
    </ClCompile>
    <ClCompile Include="scip\cons_orbitope.c">
      <Filter>Source Files</Filter>
    </ClCompile>
    <ClCompile Include="scip\cons_pseudoboolean.c">
      <Filter>Source Files</Filter>
    </ClCompile>
    <ClCompile Include="scip\cons_quadratic.c">
      <Filter>Source Files</Filter>
    </ClCompile>
    <ClCompile Include="scip\cons_setppc.c">
      <Filter>Source Files</Filter>
    </ClCompile>
    <ClCompile Include="scip\cons_soc.c">
      <Filter>Source Files</Filter>
    </ClCompile>
    <ClCompile Include="scip\cons_sos1.c">
      <Filter>Source Files</Filter>
    </ClCompile>
    <ClCompile Include="scip\cons_sos2.c">
      <Filter>Source Files</Filter>
    </ClCompile>
    <ClCompile Include="scip\cons_superindicator.c">
      <Filter>Source Files</Filter>
    </ClCompile>
    <ClCompile Include="scip\cons_symresack.c">
      <Filter>Source Files</Filter>
    </ClCompile>
    <ClCompile Include="scip\cons_varbound.c">
      <Filter>Source Files</Filter>
    </ClCompile>
    <ClCompile Include="scip\cons_xor.c">
      <Filter>Source Files</Filter>
    </ClCompile>
    <ClCompile Include="scip\dialog_default.c">
      <Filter>Source Files</Filter>
    </ClCompile>
    <ClCompile Include="scip\event_globalbnd.c">
      <Filter>Source Files</Filter>
    </ClCompile>
    <ClCompile Include="scip\event_softtimelimit.c">
      <Filter>Source Files</Filter>
    </ClCompile>
    <ClCompile Include="scip\event_solvingphase.c">
      <Filter>Source Files</Filter>
    </ClCompile>
    <ClCompile Include="scip\disp_default.c">
      <Filter>Source Files</Filter>
    </ClCompile>
    <ClCompile Include="scip\heur_actconsdiving.c">
      <Filter>Source Files</Filter>
    </ClCompile>
    <ClCompile Include="scip\heur_bound.c">
      <Filter>Source Files</Filter>
    </ClCompile>
    <ClCompile Include="scip\heur_clique.c">
      <Filter>Source Files</Filter>
    </ClCompile>
    <ClCompile Include="scip\heur_coefdiving.c">
      <Filter>Source Files</Filter>
    </ClCompile>
    <ClCompile Include="scip\heur_completesol.c">
      <Filter>Source Files</Filter>
    </ClCompile>
    <ClCompile Include="scip\heur_crossover.c">
      <Filter>Source Files</Filter>
    </ClCompile>
    <ClCompile Include="scip\heur_dins.c">
      <Filter>Source Files</Filter>
    </ClCompile>
    <ClCompile Include="scip\heur_distributiondiving.c">
      <Filter>Source Files</Filter>
    </ClCompile>
    <ClCompile Include="scip\heur_dualval.c">
      <Filter>Source Files</Filter>
    </ClCompile>
    <ClCompile Include="scip\heur_feaspump.c">
      <Filter>Source Files</Filter>
    </ClCompile>
    <ClCompile Include="scip\heur_fixandinfer.c">
      <Filter>Source Files</Filter>
    </ClCompile>
    <ClCompile Include="scip\heur_fracdiving.c">
      <Filter>Source Files</Filter>
    </ClCompile>
    <ClCompile Include="scip\heur_gins.c">
      <Filter>Source Files</Filter>
    </ClCompile>
    <ClCompile Include="scip\heur_guideddiving.c">
      <Filter>Source Files</Filter>
    </ClCompile>
    <ClCompile Include="scip\heur_indicator.c">
      <Filter>Source Files</Filter>
    </ClCompile>
    <ClCompile Include="scip\heur_intdiving.c">
      <Filter>Source Files</Filter>
    </ClCompile>
    <ClCompile Include="scip\heur_intshifting.c">
      <Filter>Source Files</Filter>
    </ClCompile>
    <ClCompile Include="scip\heur_linesearchdiving.c">
      <Filter>Source Files</Filter>
    </ClCompile>
    <ClCompile Include="scip\heur_localbranching.c">
      <Filter>Source Files</Filter>
    </ClCompile>
    <ClCompile Include="scip\heur_lpface.c">
      <Filter>Source Files</Filter>
    </ClCompile>
    <ClCompile Include="scip\heur_locks.c">
      <Filter>Source Files</Filter>
    </ClCompile>
    <ClCompile Include="scip\heur_alns.c">
      <Filter>Source Files</Filter>
    </ClCompile>
    <ClCompile Include="scip\heur_mutation.c">
      <Filter>Source Files</Filter>
    </ClCompile>
    <ClCompile Include="scip\heur_multistart.c">
      <Filter>Source Files</Filter>
    </ClCompile>
    <ClCompile Include="scip\heur_mpec.c">
      <Filter>Source Files</Filter>
    </ClCompile>
    <ClCompile Include="scip\heur_nlpdiving.c">
      <Filter>Source Files</Filter>
    </ClCompile>
    <ClCompile Include="scip\heur_objpscostdiving.c">
      <Filter>Source Files</Filter>
    </ClCompile>
    <ClCompile Include="scip\heur_octane.c">
      <Filter>Source Files</Filter>
    </ClCompile>
    <ClCompile Include="scip\heur_ofins.c">
      <Filter>Source Files</Filter>
    </ClCompile>
    <ClCompile Include="scip\heur_oneopt.c">
      <Filter>Source Files</Filter>
    </ClCompile>
    <ClCompile Include="scip\heur_proximity.c">
      <Filter>Source Files</Filter>
    </ClCompile>
    <ClCompile Include="scip\heur_pscostdiving.c">
      <Filter>Source Files</Filter>
    </ClCompile>
    <ClCompile Include="scip\heur_reoptsols.c">
      <Filter>Source Files</Filter>
    </ClCompile>
    <ClCompile Include="scip\heur_repair.c">
      <Filter>Source Files</Filter>
    </ClCompile>
    <ClCompile Include="scip\heur_randrounding.c">
      <Filter>Source Files</Filter>
    </ClCompile>
    <ClCompile Include="scip\heur_rens.c">
      <Filter>Source Files</Filter>
    </ClCompile>
    <ClCompile Include="scip\heur_rins.c">
      <Filter>Source Files</Filter>
    </ClCompile>
    <ClCompile Include="scip\heur_rootsoldiving.c">
      <Filter>Source Files</Filter>
    </ClCompile>
    <ClCompile Include="scip\heur_rounding.c">
      <Filter>Source Files</Filter>
    </ClCompile>
    <ClCompile Include="scip\heur_shiftandpropagate.c">
      <Filter>Source Files</Filter>
    </ClCompile>
    <ClCompile Include="scip\heur_shifting.c">
      <Filter>Source Files</Filter>
    </ClCompile>
    <ClCompile Include="scip\heur_simplerounding.c">
      <Filter>Source Files</Filter>
    </ClCompile>
    <ClCompile Include="scip\heur_subnlp.c">
      <Filter>Source Files</Filter>
    </ClCompile>
    <ClCompile Include="scip\heur_sync.c">
      <Filter>Source Files</Filter>
    </ClCompile>
    <ClCompile Include="scip\heur_trivial.c">
      <Filter>Source Files</Filter>
    </ClCompile>
    <ClCompile Include="scip\heur_trivialnegation.c">
      <Filter>Source Files</Filter>
    </ClCompile>
    <ClCompile Include="scip\heur_trysol.c">
      <Filter>Source Files</Filter>
    </ClCompile>
    <ClCompile Include="scip\heur_twoopt.c">
      <Filter>Source Files</Filter>
    </ClCompile>
    <ClCompile Include="scip\heur_undercover.c">
      <Filter>Source Files</Filter>
    </ClCompile>
    <ClCompile Include="scip\heur_vbounds.c">
      <Filter>Source Files</Filter>
    </ClCompile>
    <ClCompile Include="scip\heur_veclendiving.c">
      <Filter>Source Files</Filter>
    </ClCompile>
    <ClCompile Include="scip\heur_zeroobj.c">
      <Filter>Source Files</Filter>
    </ClCompile>
    <ClCompile Include="scip\heur_zirounding.c">
      <Filter>Source Files</Filter>
    </ClCompile>
    <ClCompile Include="scip\message_default.c">
      <Filter>Source Files</Filter>
    </ClCompile>
    <ClCompile Include="scip\nodesel_bfs.c">
      <Filter>Source Files</Filter>
    </ClCompile>
    <ClCompile Include="scip\nodesel_breadthfirst.c">
      <Filter>Source Files</Filter>
    </ClCompile>
    <ClCompile Include="scip\nodesel_dfs.c">
      <Filter>Source Files</Filter>
    </ClCompile>
    <ClCompile Include="scip\nodesel_estimate.c">
      <Filter>Source Files</Filter>
    </ClCompile>
    <ClCompile Include="scip\nodesel_hybridestim.c">
      <Filter>Source Files</Filter>
    </ClCompile>
    <ClCompile Include="scip\nodesel_restartdfs.c">
      <Filter>Source Files</Filter>
    </ClCompile>
    <ClCompile Include="scip\nodesel_uct.c">
      <Filter>Source Files</Filter>
    </ClCompile>
    <ClCompile Include="scip\presol_boundshift.c">
      <Filter>Source Files</Filter>
    </ClCompile>
    <ClCompile Include="scip\presol_convertinttobin.c">
      <Filter>Source Files</Filter>
    </ClCompile>
    <ClCompile Include="scip\presol_domcol.c">
      <Filter>Source Files</Filter>
    </ClCompile>
    <ClCompile Include="scip\presol_dualagg.c">
      <Filter>Source Files</Filter>
    </ClCompile>
    <ClCompile Include="scip\presol_dualcomp.c">
      <Filter>Source Files</Filter>
    </ClCompile>
    <ClCompile Include="scip\presol_dualinfer.c">
      <Filter>Source Files</Filter>
    </ClCompile>
    <ClCompile Include="scip\presol_gateextraction.c">
      <Filter>Source Files</Filter>
    </ClCompile>
    <ClCompile Include="scip\presol_implfree.c">
      <Filter>Source Files</Filter>
    </ClCompile>
    <ClCompile Include="scip\presol_implics.c">
      <Filter>Source Files</Filter>
    </ClCompile>
    <ClCompile Include="scip\presol_inttobinary.c">
      <Filter>Source Files</Filter>
    </ClCompile>
    <ClCompile Include="scip\presol_qpkktref.c">
      <Filter>Source Files</Filter>
    </ClCompile>
    <ClCompile Include="scip\presol_redvub.c">
      <Filter>Source Files</Filter>
    </ClCompile>
    <ClCompile Include="scip\presol_sparsify.c">
      <Filter>Source Files</Filter>
    </ClCompile>
    <ClCompile Include="scip\presol_stuffing.c">
      <Filter>Source Files</Filter>
    </ClCompile>
    <ClCompile Include="scip\presol_symbreak.c">
      <Filter>Source Files</Filter>
    </ClCompile>
    <ClCompile Include="scip\presol_symmetry.c">
      <Filter>Source Files</Filter>
    </ClCompile>
    <ClCompile Include="scip\presol_trivial.c">
      <Filter>Source Files</Filter>
    </ClCompile>
    <ClCompile Include="scip\presol_tworowbnd.c">
      <Filter>Source Files</Filter>
    </ClCompile>
    <ClCompile Include="scip\prop_dualfix.c">
      <Filter>Source Files</Filter>
    </ClCompile>
    <ClCompile Include="scip\prop_genvbounds.c">
      <Filter>Source Files</Filter>
    </ClCompile>
    <ClCompile Include="scip\prop_nlobbt.c">
      <Filter>Source Files</Filter>
    </ClCompile>
    <ClCompile Include="scip\prop_obbt.c">
      <Filter>Source Files</Filter>
    </ClCompile>
    <ClCompile Include="scip\prop_orbitalfixing.c">
      <Filter>Source Files</Filter>
    </ClCompile>
    <ClCompile Include="scip\prop_probing.c">
      <Filter>Source Files</Filter>
    </ClCompile>
    <ClCompile Include="scip\prop_pseudoobj.c">
      <Filter>Source Files</Filter>
    </ClCompile>
    <ClCompile Include="scip\prop_redcost.c">
      <Filter>Source Files</Filter>
    </ClCompile>
    <ClCompile Include="scip\prop_rootredcost.c">
      <Filter>Source Files</Filter>
    </ClCompile>
    <ClCompile Include="scip\prop_vbounds.c">
      <Filter>Source Files</Filter>
    </ClCompile>
    <ClCompile Include="scip\prop_sync.c">
      <Filter>Source Files</Filter>
    </ClCompile>
    <ClCompile Include="scip\reader_bnd.c">
      <Filter>Source Files</Filter>
    </ClCompile>
    <ClCompile Include="scip\reader_ccg.c">
      <Filter>Source Files</Filter>
    </ClCompile>
    <ClCompile Include="scip\reader_cip.c">
      <Filter>Source Files</Filter>
    </ClCompile>
    <ClCompile Include="scip\reader_cnf.c">
      <Filter>Source Files</Filter>
    </ClCompile>
    <ClCompile Include="scip\reader_diff.c">
      <Filter>Source Files</Filter>
    </ClCompile>
    <ClCompile Include="scip\reader_fix.c">
      <Filter>Source Files</Filter>
    </ClCompile>
    <ClCompile Include="scip\reader_fzn.c">
      <Filter>Source Files</Filter>
    </ClCompile>
    <ClCompile Include="scip\reader_gms.c">
      <Filter>Source Files</Filter>
    </ClCompile>
    <ClCompile Include="scip\reader_lp.c">
      <Filter>Source Files</Filter>
    </ClCompile>
    <ClCompile Include="scip\reader_mps.c">
      <Filter>Source Files</Filter>
    </ClCompile>
    <ClCompile Include="scip\reader_mst.c">
      <Filter>Source Files</Filter>
    </ClCompile>
    <ClCompile Include="scip\reader_opb.c">
      <Filter>Source Files</Filter>
    </ClCompile>
    <ClCompile Include="scip\reader_osil.c">
      <Filter>Source Files</Filter>
    </ClCompile>
    <ClCompile Include="scip\reader_pip.c">
      <Filter>Source Files</Filter>
    </ClCompile>
    <ClCompile Include="scip\reader_pbm.c">
      <Filter>Source Files</Filter>
    </ClCompile>
    <ClCompile Include="scip\reader_ppm.c">
      <Filter>Source Files</Filter>
    </ClCompile>
    <ClCompile Include="scip\reader_rlp.c">
      <Filter>Source Files</Filter>
    </ClCompile>
    <ClCompile Include="scip\reader_sol.c">
      <Filter>Source Files</Filter>
    </ClCompile>
    <ClCompile Include="scip\reader_wbo.c">
      <Filter>Source Files</Filter>
    </ClCompile>
    <ClCompile Include="scip\reader_zpl.c">
      <Filter>Source Files</Filter>
    </ClCompile>
    <ClCompile Include="scip\sepa_cgmip.c">
      <Filter>Source Files</Filter>
    </ClCompile>
    <ClCompile Include="scip\sepa_clique.c">
      <Filter>Source Files</Filter>
    </ClCompile>
    <ClCompile Include="scip\sepa_closecuts.c">
      <Filter>Source Files</Filter>
    </ClCompile>
    <ClCompile Include="scip\sepa_aggregation.c">
      <Filter>Source Files</Filter>
    </ClCompile>
    <ClCompile Include="scip\sepa_convexproj.c">
      <Filter>Source Files</Filter>
    </ClCompile>
    <ClCompile Include="scip\sepa_disjunctive.c">
      <Filter>Source Files</Filter>
    </ClCompile>
    <ClCompile Include="scip\sepa_eccuts.c">
      <Filter>Source Files</Filter>
    </ClCompile>
    <ClCompile Include="scip\sepa_gauge.c">
      <Filter>Source Files</Filter>
    </ClCompile>
    <ClCompile Include="scip\sepa_gomory.c">
      <Filter>Source Files</Filter>
    </ClCompile>
    <ClCompile Include="scip\sepa_impliedbounds.c">
      <Filter>Source Files</Filter>
    </ClCompile>
    <ClCompile Include="scip\sepa_intobj.c">
      <Filter>Source Files</Filter>
    </ClCompile>
    <ClCompile Include="scip\sepa_mcf.c">
      <Filter>Source Files</Filter>
    </ClCompile>
    <ClCompile Include="scip\sepa_oddcycle.c">
      <Filter>Source Files</Filter>
    </ClCompile>
    <ClCompile Include="scip\sepa_rapidlearning.c">
      <Filter>Source Files</Filter>
    </ClCompile>
    <ClCompile Include="scip\sepa_strongcg.c">
      <Filter>Source Files</Filter>
    </ClCompile>
    <ClCompile Include="scip\sepa_zerohalf.c">
      <Filter>Source Files</Filter>
    </ClCompile>
    <ClCompile Include="scip\table_default.c">
      <Filter>Source Files</Filter>
    </ClCompile>
    <ClCompile Include="scip\boundstore.c">
      <Filter>Source Files</Filter>
    </ClCompile>
    <ClCompile Include="scip\branch.c">
      <Filter>Source Files</Filter>
    </ClCompile>
    <ClCompile Include="scip\clock.c">
      <Filter>Source Files</Filter>
    </ClCompile>
    <ClCompile Include="scip\concsolver.c">
      <Filter>Source Files</Filter>
    </ClCompile>
    <ClCompile Include="scip\concurrent.c">
      <Filter>Source Files</Filter>
    </ClCompile>
    <ClCompile Include="scip\conflict.c">
      <Filter>Source Files</Filter>
    </ClCompile>
    <ClCompile Include="scip\conflictstore.c">
      <Filter>Source Files</Filter>
    </ClCompile>
    <ClCompile Include="scip\cons.c">
      <Filter>Source Files</Filter>
    </ClCompile>
    <ClCompile Include="scip\cutpool.c">
      <Filter>Source Files</Filter>
    </ClCompile>
    <ClCompile Include="scip\cuts.c">
      <Filter>Source Files</Filter>
    </ClCompile>
    <ClCompile Include="scip\debug.c">
      <Filter>Source Files</Filter>
    </ClCompile>
    <ClCompile Include="scip\dialog.c">
      <Filter>Source Files</Filter>
    </ClCompile>
    <ClCompile Include="scip\disp.c">
      <Filter>Source Files</Filter>
    </ClCompile>
    <ClCompile Include="scip\event.c">
      <Filter>Source Files</Filter>
    </ClCompile>
    <ClCompile Include="scip\fileio.c">
      <Filter>Source Files</Filter>
    </ClCompile>
    <ClCompile Include="scip\heur.c">
      <Filter>Source Files</Filter>
    </ClCompile>
    <ClCompile Include="scip\heuristics.c">
      <Filter>Source Files</Filter>
    </ClCompile>
    <ClCompile Include="scip\compr.c">
      <Filter>Source Files</Filter>
    </ClCompile>
    <ClCompile Include="scip\history.c">
      <Filter>Source Files</Filter>
    </ClCompile>
    <ClCompile Include="scip\implics.c">
      <Filter>Source Files</Filter>
    </ClCompile>
    <ClCompile Include="scip\interrupt.c">
      <Filter>Source Files</Filter>
    </ClCompile>
    <ClCompile Include="scip\intervalarith.c">
      <Filter>Source Files</Filter>
    </ClCompile>
    <ClCompile Include="scip\lp.c">
      <Filter>Source Files</Filter>
    </ClCompile>
    <ClCompile Include="scip\matrix.c">
      <Filter>Source Files</Filter>
    </ClCompile>
    <ClCompile Include="scip\mem.c">
      <Filter>Source Files</Filter>
    </ClCompile>
    <ClCompile Include="scip\misc.c">
      <Filter>Source Files</Filter>
    </ClCompile>
    <ClCompile Include="scip\nlp.c">
      <Filter>Source Files</Filter>
    </ClCompile>
    <ClCompile Include="scip\nodesel.c">
      <Filter>Source Files</Filter>
    </ClCompile>
    <ClCompile Include="scip\paramset.c">
      <Filter>Source Files</Filter>
    </ClCompile>
    <ClCompile Include="scip\presol.c">
      <Filter>Source Files</Filter>
    </ClCompile>
    <ClCompile Include="scip\presolve.c">
      <Filter>Source Files</Filter>
    </ClCompile>
    <ClCompile Include="scip\pricestore.c">
      <Filter>Source Files</Filter>
    </ClCompile>
    <ClCompile Include="scip\pricer.c">
      <Filter>Source Files</Filter>
    </ClCompile>
    <ClCompile Include="scip\primal.c">
      <Filter>Source Files</Filter>
    </ClCompile>
    <ClCompile Include="scip\prob.c">
      <Filter>Source Files</Filter>
    </ClCompile>
    <ClCompile Include="scip\prop.c">
      <Filter>Source Files</Filter>
    </ClCompile>
    <ClCompile Include="scip\reader.c">
      <Filter>Source Files</Filter>
    </ClCompile>
    <ClCompile Include="scip\relax.c">
      <Filter>Source Files</Filter>
    </ClCompile>
    <ClCompile Include="scip\reopt.c">
      <Filter>Source Files</Filter>
    </ClCompile>
    <ClCompile Include="scip\retcode.c">
      <Filter>Source Files</Filter>
    </ClCompile>
    <ClCompile Include="scip\scip.c">
      <Filter>Source Files</Filter>
    </ClCompile>
    <ClCompile Include="scip\scip_bandit.c">
      <Filter>Source Files</Filter>
    </ClCompile>
    <ClCompile Include="scip\scipdefplugins.c">
      <Filter>Source Files</Filter>
    </ClCompile>
    <ClCompile Include="scip\scipcoreplugins.c">
      <Filter>Source Files</Filter>
    </ClCompile>
    <ClCompile Include="scip\scipgithash.c">
      <Filter>Source Files</Filter>
    </ClCompile>
    <ClCompile Include="scip\scipshell.c">
      <Filter>Source Files</Filter>
    </ClCompile>
    <ClCompile Include="scip\sepa.c">
      <Filter>Source Files</Filter>
    </ClCompile>
    <ClCompile Include="scip\sepastore.c">
      <Filter>Source Files</Filter>
    </ClCompile>
    <ClCompile Include="scip\set.c">
      <Filter>Source Files</Filter>
    </ClCompile>
    <ClCompile Include="scip\sol.c">
      <Filter>Source Files</Filter>
    </ClCompile>
    <ClCompile Include="scip\solve.c">
      <Filter>Source Files</Filter>
    </ClCompile>
    <ClCompile Include="scip\stat.c">
      <Filter>Source Files</Filter>
    </ClCompile>
    <ClCompile Include="scip\syncstore.c">
      <Filter>Source Files</Filter>
    </ClCompile>
    <ClCompile Include="scip\table.c">
      <Filter>Source Files</Filter>
    </ClCompile>
    <ClCompile Include="scip\tree.c">
      <Filter>Source Files</Filter>
    </ClCompile>
    <ClCompile Include="scip\var.c">
      <Filter>Source Files</Filter>
    </ClCompile>
    <ClCompile Include="scip\visual.c">
      <Filter>Source Files</Filter>
    </ClCompile>
    <ClCompile Include="scip\rbtree.c">
      <Filter>Source Files</Filter>
    </ClCompile>
    <ClCompile Include="tclique\tclique_branch.c">
      <Filter>Source Files</Filter>
    </ClCompile>
    <ClCompile Include="tclique\tclique_coloring.c">
      <Filter>Source Files</Filter>
    </ClCompile>
    <ClCompile Include="tclique\tclique_graph.c">
      <Filter>Source Files</Filter>
    </ClCompile>
    <ClCompile Include="dijkstra\dijkstra.c">
      <Filter>Source Files</Filter>
    </ClCompile>
    <ClCompile Include="xml\xmlparse.c">
      <Filter>Source Files</Filter>
    </ClCompile>
    <ClCompile Include="objscip\objbranchrule.cpp">
      <Filter>Source Files</Filter>
    </ClCompile>
    <ClCompile Include="objscip\objconshdlr.cpp">
      <Filter>Source Files</Filter>
    </ClCompile>
    <ClCompile Include="objscip\objdialog.cpp">
      <Filter>Source Files</Filter>
    </ClCompile>
    <ClCompile Include="objscip\objdisp.cpp">
      <Filter>Source Files</Filter>
    </ClCompile>
    <ClCompile Include="objscip\objeventhdlr.cpp">
      <Filter>Source Files</Filter>
    </ClCompile>
    <ClCompile Include="objscip\objheur.cpp">
      <Filter>Source Files</Filter>
    </ClCompile>
    <ClCompile Include="objscip\objmessagehdlr.cpp">
      <Filter>Source Files</Filter>
    </ClCompile>
    <ClCompile Include="objscip\objnodesel.cpp">
      <Filter>Source Files</Filter>
    </ClCompile>
    <ClCompile Include="objscip\objpresol.cpp">
      <Filter>Source Files</Filter>
    </ClCompile>
    <ClCompile Include="objscip\objpricer.cpp">
      <Filter>Source Files</Filter>
    </ClCompile>
    <ClCompile Include="objscip\objprobdata.cpp">
      <Filter>Source Files</Filter>
    </ClCompile>
    <ClCompile Include="objscip\objprop.cpp">
      <Filter>Source Files</Filter>
    </ClCompile>
    <ClCompile Include="objscip\objreader.cpp">
      <Filter>Source Files</Filter>
    </ClCompile>
    <ClCompile Include="objscip\objrelax.cpp">
      <Filter>Source Files</Filter>
    </ClCompile>
    <ClCompile Include="objscip\objsepa.cpp">
      <Filter>Source Files</Filter>
    </ClCompile>
    <ClCompile Include="objscip\objtable.cpp">
      <Filter>Source Files</Filter>
    </ClCompile>
    <ClCompile Include="objscip\objvardata.cpp">
      <Filter>Source Files</Filter>
    </ClCompile>
    <ClCompile Include="nlpi\nlpi.c">
      <Filter>Source Files</Filter>
    </ClCompile>
    <ClCompile Include="nlpi\nlpi_all.c">
      <Filter>Source Files</Filter>
    </ClCompile>
    <ClCompile Include="nlpi\nlpioracle.c">
      <Filter>Source Files</Filter>
    </ClCompile>
    <ClCompile Include="nlpi\expr.c">
      <Filter>Source Files</Filter>
    </ClCompile>
    <ClCompile Include="nlpi\intervalarithext.cpp">
      <Filter>Source Files</Filter>
    </ClCompile>
    <ClCompile Include="nlpi\nlpi_ipopt_dummy.c">
      <Filter>Source Files</Filter>
    </ClCompile>
    <ClCompile Include="nlpi\nlpi_worhp_dummy.c">
      <Filter>Source Files</Filter>
    </ClCompile>
    <ClCompile Include="nlpi\nlpi_filtersqp_dummy.c">
      <Filter>Source Files</Filter>
    </ClCompile>
    <ClCompile Include="nlpi\exprinterpret_cppad.cpp">
      <Filter>Source Files</Filter>
    </ClCompile>
    <ClCompile Include="lpi\lpi_spx2.cpp">
      <Filter>Source Files</Filter>
    </ClCompile>
    <ClCompile Include="tpi\tpi_none.c">
      <Filter>Source Files</Filter>
    </ClCompile>
    <ClCompile Include="symmetry\compute_symmetry_none.cpp">
      <Filter>Source Files</Filter>
    </ClCompile>
    <ClCompile Include="scipbuildflag.c">
      <Filter>Source Files</Filter>
    </ClCompile>
  </ItemGroup>
  <ItemGroup>
    <Filter Include="Source Files">
      <UniqueIdentifier>{2E512689-5769-3193-B5B0-0211CBAF45F7}</UniqueIdentifier>
    </Filter>
    <Filter Include="Header Files">
      <UniqueIdentifier>{7647c821-3c40-4d7c-9e78-32df00ddef8a}</UniqueIdentifier>
    </Filter>
  </ItemGroup>
  <ItemGroup>
    <ClInclude Include="scip\visual.h">
      <Filter>Header Files</Filter>
    </ClInclude>
    <ClInclude Include="scip\var.h">
      <Filter>Header Files</Filter>
    </ClInclude>
    <ClInclude Include="scip\type_visual.h">
      <Filter>Header Files</Filter>
    </ClInclude>
    <ClInclude Include="scip\type_var.h">
      <Filter>Header Files</Filter>
    </ClInclude>
    <ClInclude Include="scip\type_tree.h">
      <Filter>Header Files</Filter>
    </ClInclude>
    <ClInclude Include="scip\type_timing.h">
      <Filter>Header Files</Filter>
    </ClInclude>
    <ClInclude Include="scip\type_table.h">
      <Filter>Header Files</Filter>
    </ClInclude>
    <ClInclude Include="scip\type_syncstore.h">
      <Filter>Header Files</Filter>
    </ClInclude>
    <ClInclude Include="scip\type_stat.h">
      <Filter>Header Files</Filter>
    </ClInclude>
    <ClInclude Include="scip\type_sol.h">
      <Filter>Header Files</Filter>
    </ClInclude>
    <ClInclude Include="scip\type_set.h">
      <Filter>Header Files</Filter>
    </ClInclude>
    <ClInclude Include="scip\type_sepastore.h">
      <Filter>Header Files</Filter>
    </ClInclude>
    <ClInclude Include="scip\type_sepa.h">
      <Filter>Header Files</Filter>
    </ClInclude>
    <ClInclude Include="scip\type_scip.h">
      <Filter>Header Files</Filter>
    </ClInclude>
    <ClInclude Include="scip\type_retcode.h">
      <Filter>Header Files</Filter>
    </ClInclude>
    <ClInclude Include="scip\type_result.h">
      <Filter>Header Files</Filter>
    </ClInclude>
    <ClInclude Include="scip\type_reopt.h">
      <Filter>Header Files</Filter>
    </ClInclude>
    <ClInclude Include="scip\type_relax.h">
      <Filter>Header Files</Filter>
    </ClInclude>
    <ClInclude Include="scip\type_reader.h">
      <Filter>Header Files</Filter>
    </ClInclude>
    <ClInclude Include="scip\type_prop.h">
      <Filter>Header Files</Filter>
    </ClInclude>
    <ClInclude Include="scip\type_prob.h">
      <Filter>Header Files</Filter>
    </ClInclude>
    <ClInclude Include="scip\type_primal.h">
      <Filter>Header Files</Filter>
    </ClInclude>
    <ClInclude Include="scip\type_pricestore.h">
      <Filter>Header Files</Filter>
    </ClInclude>
    <ClInclude Include="scip\type_pricer.h">
      <Filter>Header Files</Filter>
    </ClInclude>
    <ClInclude Include="scip\type_presol.h">
      <Filter>Header Files</Filter>
    </ClInclude>
    <ClInclude Include="scip\type_paramset.h">
      <Filter>Header Files</Filter>
    </ClInclude>
    <ClInclude Include="scip\type_nodesel.h">
      <Filter>Header Files</Filter>
    </ClInclude>
    <ClInclude Include="scip\type_nlp.h">
      <Filter>Header Files</Filter>
    </ClInclude>
    <ClInclude Include="scip\type_misc.h">
      <Filter>Header Files</Filter>
    </ClInclude>
    <ClInclude Include="scip\type_message.h">
      <Filter>Header Files</Filter>
    </ClInclude>
    <ClInclude Include="scip\type_mem.h">
      <Filter>Header Files</Filter>
    </ClInclude>
    <ClInclude Include="scip\type_matrix.h">
      <Filter>Header Files</Filter>
    </ClInclude>
    <ClInclude Include="scip\type_lp.h">
      <Filter>Header Files</Filter>
    </ClInclude>
    <ClInclude Include="scip\type_interrupt.h">
      <Filter>Header Files</Filter>
    </ClInclude>
    <ClInclude Include="scip\type_implics.h">
      <Filter>Header Files</Filter>
    </ClInclude>
    <ClInclude Include="scip\type_history.h">
      <Filter>Header Files</Filter>
    </ClInclude>
    <ClInclude Include="scip\type_heur.h">
      <Filter>Header Files</Filter>
    </ClInclude>
    <ClInclude Include="scip\type_event.h">
      <Filter>Header Files</Filter>
    </ClInclude>
    <ClInclude Include="scip\type_disp.h">
      <Filter>Header Files</Filter>
    </ClInclude>
    <ClInclude Include="scip\type_dialog.h">
      <Filter>Header Files</Filter>
    </ClInclude>
    <ClInclude Include="scip\type_cuts.h">
      <Filter>Header Files</Filter>
    </ClInclude>
    <ClInclude Include="scip\type_cutpool.h">
      <Filter>Header Files</Filter>
    </ClInclude>
    <ClInclude Include="scip\type_cons.h">
      <Filter>Header Files</Filter>
    </ClInclude>
    <ClInclude Include="scip\type_conflictstore.h">
      <Filter>Header Files</Filter>
    </ClInclude>
    <ClInclude Include="scip\type_conflict.h">
      <Filter>Header Files</Filter>
    </ClInclude>
    <ClInclude Include="scip\type_concurrent.h">
      <Filter>Header Files</Filter>
    </ClInclude>
    <ClInclude Include="scip\type_concsolver.h">
      <Filter>Header Files</Filter>
    </ClInclude>
    <ClInclude Include="scip\type_compr.h">
      <Filter>Header Files</Filter>
    </ClInclude>
    <ClInclude Include="scip\type_clock.h">
      <Filter>Header Files</Filter>
    </ClInclude>
    <ClInclude Include="scip\type_branch.h">
      <Filter>Header Files</Filter>
    </ClInclude>
    <ClInclude Include="scip\type_bandit.h">
      <Filter>Header Files</Filter>
    </ClInclude>
    <ClInclude Include="scip\tree.h">
      <Filter>Header Files</Filter>
    </ClInclude>
    <ClInclude Include="scip\table_xyz.h">
      <Filter>Header Files</Filter>
    </ClInclude>
    <ClInclude Include="scip\table_default.h">
      <Filter>Header Files</Filter>
    </ClInclude>
    <ClInclude Include="scip\table.h">
      <Filter>Header Files</Filter>
    </ClInclude>
    <ClInclude Include="scip\syncstore.h">
      <Filter>Header Files</Filter>
    </ClInclude>
    <ClInclude Include="scip\struct_visual.h">
      <Filter>Header Files</Filter>
    </ClInclude>
    <ClInclude Include="scip\struct_var.h">
      <Filter>Header Files</Filter>
    </ClInclude>
    <ClInclude Include="scip\struct_tree.h">
      <Filter>Header Files</Filter>
    </ClInclude>
    <ClInclude Include="scip\struct_table.h">
      <Filter>Header Files</Filter>
    </ClInclude>
    <ClInclude Include="scip\struct_syncstore.h">
      <Filter>Header Files</Filter>
    </ClInclude>
    <ClInclude Include="scip\struct_stat.h">
      <Filter>Header Files</Filter>
    </ClInclude>
    <ClInclude Include="scip\struct_sol.h">
      <Filter>Header Files</Filter>
    </ClInclude>
    <ClInclude Include="scip\struct_set.h">
      <Filter>Header Files</Filter>
    </ClInclude>
    <ClInclude Include="scip\struct_sepastore.h">
      <Filter>Header Files</Filter>
    </ClInclude>
    <ClInclude Include="scip\struct_sepa.h">
      <Filter>Header Files</Filter>
    </ClInclude>
    <ClInclude Include="scip\struct_scip.h">
      <Filter>Header Files</Filter>
    </ClInclude>
    <ClInclude Include="scip\struct_reopt.h">
      <Filter>Header Files</Filter>
    </ClInclude>
    <ClInclude Include="scip\struct_relax.h">
      <Filter>Header Files</Filter>
    </ClInclude>
    <ClInclude Include="scip\struct_reader.h">
      <Filter>Header Files</Filter>
    </ClInclude>
    <ClInclude Include="scip\struct_prop.h">
      <Filter>Header Files</Filter>
    </ClInclude>
    <ClInclude Include="scip\struct_prob.h">
      <Filter>Header Files</Filter>
    </ClInclude>
    <ClInclude Include="scip\struct_primal.h">
      <Filter>Header Files</Filter>
    </ClInclude>
    <ClInclude Include="scip\struct_pricestore.h">
      <Filter>Header Files</Filter>
    </ClInclude>
    <ClInclude Include="scip\struct_pricer.h">
      <Filter>Header Files</Filter>
    </ClInclude>
    <ClInclude Include="scip\struct_presol.h">
      <Filter>Header Files</Filter>
    </ClInclude>
    <ClInclude Include="scip\struct_paramset.h">
      <Filter>Header Files</Filter>
    </ClInclude>
    <ClInclude Include="scip\struct_nodesel.h">
      <Filter>Header Files</Filter>
    </ClInclude>
    <ClInclude Include="scip\struct_nlp.h">
      <Filter>Header Files</Filter>
    </ClInclude>
    <ClInclude Include="scip\struct_misc.h">
      <Filter>Header Files</Filter>
    </ClInclude>
    <ClInclude Include="scip\struct_message.h">
      <Filter>Header Files</Filter>
    </ClInclude>
    <ClInclude Include="scip\struct_mem.h">
      <Filter>Header Files</Filter>
    </ClInclude>
    <ClInclude Include="scip\struct_matrix.h">
      <Filter>Header Files</Filter>
    </ClInclude>
    <ClInclude Include="scip\struct_lp.h">
      <Filter>Header Files</Filter>
    </ClInclude>
    <ClInclude Include="scip\struct_implics.h">
      <Filter>Header Files</Filter>
    </ClInclude>
    <ClInclude Include="scip\struct_history.h">
      <Filter>Header Files</Filter>
    </ClInclude>
    <ClInclude Include="scip\struct_heur.h">
      <Filter>Header Files</Filter>
    </ClInclude>
    <ClInclude Include="scip\struct_event.h">
      <Filter>Header Files</Filter>
    </ClInclude>
    <ClInclude Include="scip\struct_disp.h">
      <Filter>Header Files</Filter>
    </ClInclude>
    <ClInclude Include="scip\struct_dialog.h">
      <Filter>Header Files</Filter>
    </ClInclude>
    <ClInclude Include="scip\struct_cuts.h">
      <Filter>Header Files</Filter>
    </ClInclude>
    <ClInclude Include="scip\struct_cutpool.h">
      <Filter>Header Files</Filter>
    </ClInclude>
    <ClInclude Include="scip\struct_cons.h">
      <Filter>Header Files</Filter>
    </ClInclude>
    <ClInclude Include="scip\struct_conflictstore.h">
      <Filter>Header Files</Filter>
    </ClInclude>
    <ClInclude Include="scip\struct_conflict.h">
      <Filter>Header Files</Filter>
    </ClInclude>
    <ClInclude Include="scip\struct_concurrent.h">
      <Filter>Header Files</Filter>
    </ClInclude>
    <ClInclude Include="scip\struct_concsolver.h">
      <Filter>Header Files</Filter>
    </ClInclude>
    <ClInclude Include="scip\struct_compr.h">
      <Filter>Header Files</Filter>
    </ClInclude>
    <ClInclude Include="scip\struct_clock.h">
      <Filter>Header Files</Filter>
    </ClInclude>
    <ClInclude Include="scip\struct_branch.h">
      <Filter>Header Files</Filter>
    </ClInclude>
    <ClInclude Include="scip\struct_bandit.h">
      <Filter>Header Files</Filter>
    </ClInclude>
    <ClInclude Include="scip\stat.h">
      <Filter>Header Files</Filter>
    </ClInclude>
    <ClInclude Include="scip\solve.h">
      <Filter>Header Files</Filter>
    </ClInclude>
    <ClInclude Include="scip\sol.h">
      <Filter>Header Files</Filter>
    </ClInclude>
    <ClInclude Include="scip\set.h">
      <Filter>Header Files</Filter>
    </ClInclude>
    <ClInclude Include="scip\sepastore.h">
      <Filter>Header Files</Filter>
    </ClInclude>
    <ClInclude Include="scip\sepa_zerohalf.h">
      <Filter>Header Files</Filter>
    </ClInclude>
    <ClInclude Include="scip\sepa_xyz.h">
      <Filter>Header Files</Filter>
    </ClInclude>
    <ClInclude Include="scip\sepa_strongcg.h">
      <Filter>Header Files</Filter>
    </ClInclude>
    <ClInclude Include="scip\sepa_rapidlearning.h">
      <Filter>Header Files</Filter>
    </ClInclude>
    <ClInclude Include="scip\sepa_oddcycle.h">
      <Filter>Header Files</Filter>
    </ClInclude>
    <ClInclude Include="scip\sepa_mcf.h">
      <Filter>Header Files</Filter>
    </ClInclude>
    <ClInclude Include="scip\sepa_intobj.h">
      <Filter>Header Files</Filter>
    </ClInclude>
    <ClInclude Include="scip\sepa_impliedbounds.h">
      <Filter>Header Files</Filter>
    </ClInclude>
    <ClInclude Include="scip\sepa_gomory.h">
      <Filter>Header Files</Filter>
    </ClInclude>
    <ClInclude Include="scip\sepa_gauge.h">
      <Filter>Header Files</Filter>
    </ClInclude>
    <ClInclude Include="scip\sepa_eccuts.h">
      <Filter>Header Files</Filter>
    </ClInclude>
    <ClInclude Include="scip\sepa_disjunctive.h">
      <Filter>Header Files</Filter>
    </ClInclude>
    <ClInclude Include="scip\sepa_convexproj.h">
      <Filter>Header Files</Filter>
    </ClInclude>
    <ClInclude Include="scip\sepa_closecuts.h">
      <Filter>Header Files</Filter>
    </ClInclude>
    <ClInclude Include="scip\sepa_clique.h">
      <Filter>Header Files</Filter>
    </ClInclude>
    <ClInclude Include="scip\sepa_cgmip.h">
      <Filter>Header Files</Filter>
    </ClInclude>
    <ClInclude Include="scip\sepa_aggregation.h">
      <Filter>Header Files</Filter>
    </ClInclude>
    <ClInclude Include="scip\sepa.h">
      <Filter>Header Files</Filter>
    </ClInclude>
    <ClInclude Include="scip\scipshell.h">
      <Filter>Header Files</Filter>
    </ClInclude>
    <ClInclude Include="scip\scipgithash.h">
      <Filter>Header Files</Filter>
    </ClInclude>
    <ClInclude Include="scip\scipdefplugins.h">
      <Filter>Header Files</Filter>
    </ClInclude>
    <ClInclude Include="scip\scipcoreplugins.h">
      <Filter>Header Files</Filter>
    </ClInclude>
    <ClInclude Include="scip\scipbuildflags.h">
      <Filter>Header Files</Filter>
    </ClInclude>
    <ClInclude Include="scip\scip.h">
      <Filter>Header Files</Filter>
    </ClInclude>
    <ClInclude Include="scip\retcode.h">
      <Filter>Header Files</Filter>
    </ClInclude>
    <ClInclude Include="scip\reopt.h">
      <Filter>Header Files</Filter>
    </ClInclude>
    <ClInclude Include="scip\relax_xyz.h">
      <Filter>Header Files</Filter>
    </ClInclude>
    <ClInclude Include="scip\relax.h">
      <Filter>Header Files</Filter>
    </ClInclude>
    <ClInclude Include="scip\reader_zpl.h">
      <Filter>Header Files</Filter>
    </ClInclude>
    <ClInclude Include="scip\reader_xyz.h">
      <Filter>Header Files</Filter>
    </ClInclude>
    <ClInclude Include="scip\reader_wbo.h">
      <Filter>Header Files</Filter>
    </ClInclude>
    <ClInclude Include="scip\reader_sol.h">
      <Filter>Header Files</Filter>
    </ClInclude>
    <ClInclude Include="scip\reader_rlp.h">
      <Filter>Header Files</Filter>
    </ClInclude>
    <ClInclude Include="scip\reader_ppm.h">
      <Filter>Header Files</Filter>
    </ClInclude>
    <ClInclude Include="scip\reader_pip.h">
      <Filter>Header Files</Filter>
    </ClInclude>
    <ClInclude Include="scip\reader_pbm.h">
      <Filter>Header Files</Filter>
    </ClInclude>
    <ClInclude Include="scip\reader_osil.h">
      <Filter>Header Files</Filter>
    </ClInclude>
    <ClInclude Include="scip\reader_opb.h">
      <Filter>Header Files</Filter>
    </ClInclude>
    <ClInclude Include="scip\reader_mst.h">
      <Filter>Header Files</Filter>
    </ClInclude>
    <ClInclude Include="scip\reader_mps.h">
      <Filter>Header Files</Filter>
    </ClInclude>
    <ClInclude Include="scip\reader_lp.h">
      <Filter>Header Files</Filter>
    </ClInclude>
    <ClInclude Include="scip\reader_gms.h">
      <Filter>Header Files</Filter>
    </ClInclude>
    <ClInclude Include="scip\reader_fzn.h">
      <Filter>Header Files</Filter>
    </ClInclude>
    <ClInclude Include="scip\reader_fix.h">
      <Filter>Header Files</Filter>
    </ClInclude>
    <ClInclude Include="scip\reader_diff.h">
      <Filter>Header Files</Filter>
    </ClInclude>
    <ClInclude Include="scip\reader_cnf.h">
      <Filter>Header Files</Filter>
    </ClInclude>
    <ClInclude Include="scip\reader_cip.h">
      <Filter>Header Files</Filter>
    </ClInclude>
    <ClInclude Include="scip\reader_ccg.h">
      <Filter>Header Files</Filter>
    </ClInclude>
    <ClInclude Include="scip\reader_bnd.h">
      <Filter>Header Files</Filter>
    </ClInclude>
    <ClInclude Include="scip\reader.h">
      <Filter>Header Files</Filter>
    </ClInclude>
    <ClInclude Include="scip\rbtree.h">
      <Filter>Header Files</Filter>
    </ClInclude>
    <ClInclude Include="scip\pub_var.h">
      <Filter>Header Files</Filter>
    </ClInclude>
    <ClInclude Include="scip\pub_tree.h">
      <Filter>Header Files</Filter>
    </ClInclude>
    <ClInclude Include="scip\pub_table.h">
      <Filter>Header Files</Filter>
    </ClInclude>
    <ClInclude Include="scip\pub_sol.h">
      <Filter>Header Files</Filter>
    </ClInclude>
    <ClInclude Include="scip\pub_sepa.h">
      <Filter>Header Files</Filter>
    </ClInclude>
    <ClInclude Include="scip\pub_reopt.h">
      <Filter>Header Files</Filter>
    </ClInclude>
    <ClInclude Include="scip\pub_relax.h">
      <Filter>Header Files</Filter>
    </ClInclude>
    <ClInclude Include="scip\pub_reader.h">
      <Filter>Header Files</Filter>
    </ClInclude>
    <ClInclude Include="scip\pub_prop.h">
      <Filter>Header Files</Filter>
    </ClInclude>
    <ClInclude Include="scip\pub_pricer.h">
      <Filter>Header Files</Filter>
    </ClInclude>
    <ClInclude Include="scip\pub_presol.h">
      <Filter>Header Files</Filter>
    </ClInclude>
    <ClInclude Include="scip\pub_paramset.h">
      <Filter>Header Files</Filter>
    </ClInclude>
    <ClInclude Include="scip\pub_nodesel.h">
      <Filter>Header Files</Filter>
    </ClInclude>
    <ClInclude Include="scip\pub_nlp.h">
      <Filter>Header Files</Filter>
    </ClInclude>
    <ClInclude Include="scip\pub_misc_sort.h">
      <Filter>Header Files</Filter>
    </ClInclude>
    <ClInclude Include="scip\pub_misc_select.h">
      <Filter>Header Files</Filter>
    </ClInclude>
    <ClInclude Include="scip\pub_misc.h">
      <Filter>Header Files</Filter>
    </ClInclude>
    <ClInclude Include="scip\pub_message.h">
      <Filter>Header Files</Filter>
    </ClInclude>
    <ClInclude Include="scip\pub_matrix.h">
      <Filter>Header Files</Filter>
    </ClInclude>
    <ClInclude Include="scip\pub_lp.h">
      <Filter>Header Files</Filter>
    </ClInclude>
    <ClInclude Include="scip\pub_implics.h">
      <Filter>Header Files</Filter>
    </ClInclude>
    <ClInclude Include="scip\pub_history.h">
      <Filter>Header Files</Filter>
    </ClInclude>
    <ClInclude Include="scip\pub_heur.h">
      <Filter>Header Files</Filter>
    </ClInclude>
    <ClInclude Include="scip\pub_fileio.h">
      <Filter>Header Files</Filter>
    </ClInclude>
    <ClInclude Include="scip\pub_event.h">
      <Filter>Header Files</Filter>
    </ClInclude>
    <ClInclude Include="scip\pub_disp.h">
      <Filter>Header Files</Filter>
    </ClInclude>
    <ClInclude Include="scip\pub_dialog.h">
      <Filter>Header Files</Filter>
    </ClInclude>
    <ClInclude Include="scip\pub_cutpool.h">
      <Filter>Header Files</Filter>
    </ClInclude>
    <ClInclude Include="scip\pub_cons.h">
      <Filter>Header Files</Filter>
    </ClInclude>
    <ClInclude Include="scip\pub_conflict.h">
      <Filter>Header Files</Filter>
    </ClInclude>
    <ClInclude Include="scip\pub_compr.h">
      <Filter>Header Files</Filter>
    </ClInclude>
    <ClInclude Include="scip\pub_branch.h">
      <Filter>Header Files</Filter>
    </ClInclude>
    <ClInclude Include="scip\pub_bandit_ucb.h">
      <Filter>Header Files</Filter>
    </ClInclude>
    <ClInclude Include="scip\pub_bandit_exp3.h">
      <Filter>Header Files</Filter>
    </ClInclude>
    <ClInclude Include="scip\pub_bandit_epsgreedy.h">
      <Filter>Header Files</Filter>
    </ClInclude>
    <ClInclude Include="scip\pub_bandit.h">
      <Filter>Header Files</Filter>
    </ClInclude>
    <ClInclude Include="scip\prop_xyz.h">
      <Filter>Header Files</Filter>
    </ClInclude>
    <ClInclude Include="scip\prop_vbounds.h">
      <Filter>Header Files</Filter>
    </ClInclude>
    <ClInclude Include="scip\prop_sync.h">
      <Filter>Header Files</Filter>
    </ClInclude>
    <ClInclude Include="scip\prop_rootredcost.h">
      <Filter>Header Files</Filter>
    </ClInclude>
    <ClInclude Include="scip\prop_redcost.h">
      <Filter>Header Files</Filter>
    </ClInclude>
    <ClInclude Include="scip\prop_pseudoobj.h">
      <Filter>Header Files</Filter>
    </ClInclude>
    <ClInclude Include="scip\prop_probing.h">
      <Filter>Header Files</Filter>
    </ClInclude>
    <ClInclude Include="scip\prop_orbitalfixing.h">
      <Filter>Header Files</Filter>
    </ClInclude>
    <ClInclude Include="scip\prop_obbt.h">
      <Filter>Header Files</Filter>
    </ClInclude>
    <ClInclude Include="scip\prop_nlobbt.h">
      <Filter>Header Files</Filter>
    </ClInclude>
    <ClInclude Include="scip\prop_genvbounds.h">
      <Filter>Header Files</Filter>
    </ClInclude>
    <ClInclude Include="scip\prop_dualfix.h">
      <Filter>Header Files</Filter>
    </ClInclude>
    <ClInclude Include="scip\prop.h">
      <Filter>Header Files</Filter>
    </ClInclude>
    <ClInclude Include="scip\prob.h">
      <Filter>Header Files</Filter>
    </ClInclude>
    <ClInclude Include="scip\primal.h">
      <Filter>Header Files</Filter>
    </ClInclude>
    <ClInclude Include="scip\pricestore.h">
      <Filter>Header Files</Filter>
    </ClInclude>
    <ClInclude Include="scip\pricer_xyz.h">
      <Filter>Header Files</Filter>
    </ClInclude>
    <ClInclude Include="scip\pricer.h">
      <Filter>Header Files</Filter>
    </ClInclude>
    <ClInclude Include="scip\presolve.h">
      <Filter>Header Files</Filter>
    </ClInclude>
    <ClInclude Include="scip\presol_xyz.h">
      <Filter>Header Files</Filter>
    </ClInclude>
    <ClInclude Include="scip\presol_tworowbnd.h">
      <Filter>Header Files</Filter>
    </ClInclude>
    <ClInclude Include="scip\presol_trivial.h">
      <Filter>Header Files</Filter>
    </ClInclude>
    <ClInclude Include="scip\presol_symmetry.h">
      <Filter>Header Files</Filter>
    </ClInclude>
    <ClInclude Include="scip\presol_symbreak.h">
      <Filter>Header Files</Filter>
    </ClInclude>
    <ClInclude Include="scip\presol_stuffing.h">
      <Filter>Header Files</Filter>
    </ClInclude>
    <ClInclude Include="scip\presol_sparsify.h">
      <Filter>Header Files</Filter>
    </ClInclude>
    <ClInclude Include="scip\presol_redvub.h">
      <Filter>Header Files</Filter>
    </ClInclude>
    <ClInclude Include="scip\presol_qpkktref.h">
      <Filter>Header Files</Filter>
    </ClInclude>
    <ClInclude Include="scip\presol_inttobinary.h">
      <Filter>Header Files</Filter>
    </ClInclude>
    <ClInclude Include="scip\presol_implics.h">
      <Filter>Header Files</Filter>
    </ClInclude>
    <ClInclude Include="scip\presol_implfree.h">
      <Filter>Header Files</Filter>
    </ClInclude>
    <ClInclude Include="scip\presol_gateextraction.h">
      <Filter>Header Files</Filter>
    </ClInclude>
    <ClInclude Include="scip\presol_dualinfer.h">
      <Filter>Header Files</Filter>
    </ClInclude>
    <ClInclude Include="scip\presol_dualcomp.h">
      <Filter>Header Files</Filter>
    </ClInclude>
    <ClInclude Include="scip\presol_dualagg.h">
      <Filter>Header Files</Filter>
    </ClInclude>
    <ClInclude Include="scip\presol_domcol.h">
      <Filter>Header Files</Filter>
    </ClInclude>
    <ClInclude Include="scip\presol_convertinttobin.h">
      <Filter>Header Files</Filter>
    </ClInclude>
    <ClInclude Include="scip\presol_boundshift.h">
      <Filter>Header Files</Filter>
    </ClInclude>
    <ClInclude Include="scip\presol.h">
      <Filter>Header Files</Filter>
    </ClInclude>
    <ClInclude Include="scip\paramset.h">
      <Filter>Header Files</Filter>
    </ClInclude>
    <ClInclude Include="scip\nodesel_xyz.h">
      <Filter>Header Files</Filter>
    </ClInclude>
    <ClInclude Include="scip\nodesel_uct.h">
      <Filter>Header Files</Filter>
    </ClInclude>
    <ClInclude Include="scip\nodesel_restartdfs.h">
      <Filter>Header Files</Filter>
    </ClInclude>
    <ClInclude Include="scip\nodesel_hybridestim.h">
      <Filter>Header Files</Filter>
    </ClInclude>
    <ClInclude Include="scip\nodesel_estimate.h">
      <Filter>Header Files</Filter>
    </ClInclude>
    <ClInclude Include="scip\nodesel_dfs.h">
      <Filter>Header Files</Filter>
    </ClInclude>
    <ClInclude Include="scip\nodesel_breadthfirst.h">
      <Filter>Header Files</Filter>
    </ClInclude>
    <ClInclude Include="scip\nodesel_bfs.h">
      <Filter>Header Files</Filter>
    </ClInclude>
    <ClInclude Include="scip\nodesel.h">
      <Filter>Header Files</Filter>
    </ClInclude>
    <ClInclude Include="scip\nlp.h">
      <Filter>Header Files</Filter>
    </ClInclude>
    <ClInclude Include="scip\misc.h">
      <Filter>Header Files</Filter>
    </ClInclude>
    <ClInclude Include="scip\message_default.h">
      <Filter>Header Files</Filter>
    </ClInclude>
    <ClInclude Include="scip\message.h">
      <Filter>Header Files</Filter>
    </ClInclude>
    <ClInclude Include="scip\mem.h">
      <Filter>Header Files</Filter>
    </ClInclude>
    <ClInclude Include="scip\lp.h">
      <Filter>Header Files</Filter>
    </ClInclude>
    <ClInclude Include="scip\intervalarith.h">
      <Filter>Header Files</Filter>
    </ClInclude>
    <ClInclude Include="scip\interrupt.h">
      <Filter>Header Files</Filter>
    </ClInclude>
    <ClInclude Include="scip\implics.h">
      <Filter>Header Files</Filter>
    </ClInclude>
    <ClInclude Include="scip\history.h">
      <Filter>Header Files</Filter>
    </ClInclude>
    <ClInclude Include="scip\heuristics.h">
      <Filter>Header Files</Filter>
    </ClInclude>
    <ClInclude Include="scip\heur_zirounding.h">
      <Filter>Header Files</Filter>
    </ClInclude>
    <ClInclude Include="scip\heur_zeroobj.h">
      <Filter>Header Files</Filter>
    </ClInclude>
    <ClInclude Include="scip\heur_xyz.h">
      <Filter>Header Files</Filter>
    </ClInclude>
    <ClInclude Include="scip\heur_veclendiving.h">
      <Filter>Header Files</Filter>
    </ClInclude>
    <ClInclude Include="scip\heur_vbounds.h">
      <Filter>Header Files</Filter>
    </ClInclude>
    <ClInclude Include="scip\heur_undercover.h">
      <Filter>Header Files</Filter>
    </ClInclude>
    <ClInclude Include="scip\heur_twoopt.h">
      <Filter>Header Files</Filter>
    </ClInclude>
    <ClInclude Include="scip\heur_trysol.h">
      <Filter>Header Files</Filter>
    </ClInclude>
    <ClInclude Include="scip\heur_trivialnegation.h">
      <Filter>Header Files</Filter>
    </ClInclude>
    <ClInclude Include="scip\heur_trivial.h">
      <Filter>Header Files</Filter>
    </ClInclude>
    <ClInclude Include="scip\heur_sync.h">
      <Filter>Header Files</Filter>
    </ClInclude>
    <ClInclude Include="scip\heur_subnlp.h">
      <Filter>Header Files</Filter>
    </ClInclude>
    <ClInclude Include="scip\heur_simplerounding.h">
      <Filter>Header Files</Filter>
    </ClInclude>
    <ClInclude Include="scip\heur_shifting.h">
      <Filter>Header Files</Filter>
    </ClInclude>
    <ClInclude Include="scip\heur_shiftandpropagate.h">
      <Filter>Header Files</Filter>
    </ClInclude>
    <ClInclude Include="scip\heur_rounding.h">
      <Filter>Header Files</Filter>
    </ClInclude>
    <ClInclude Include="scip\heur_rootsoldiving.h">
      <Filter>Header Files</Filter>
    </ClInclude>
    <ClInclude Include="scip\heur_rins.h">
      <Filter>Header Files</Filter>
    </ClInclude>
    <ClInclude Include="scip\heur_repair.h">
      <Filter>Header Files</Filter>
    </ClInclude>
    <ClInclude Include="scip\heur_reoptsols.h">
      <Filter>Header Files</Filter>
    </ClInclude>
    <ClInclude Include="scip\heur_rens.h">
      <Filter>Header Files</Filter>
    </ClInclude>
    <ClInclude Include="scip\heur_randrounding.h">
      <Filter>Header Files</Filter>
    </ClInclude>
    <ClInclude Include="scip\heur_pscostdiving.h">
      <Filter>Header Files</Filter>
    </ClInclude>
    <ClInclude Include="scip\heur_proximity.h">
      <Filter>Header Files</Filter>
    </ClInclude>
    <ClInclude Include="scip\heur_oneopt.h">
      <Filter>Header Files</Filter>
    </ClInclude>
    <ClInclude Include="scip\heur_ofins.h">
      <Filter>Header Files</Filter>
    </ClInclude>
    <ClInclude Include="scip\heur_octane.h">
      <Filter>Header Files</Filter>
    </ClInclude>
    <ClInclude Include="scip\heur_objpscostdiving.h">
      <Filter>Header Files</Filter>
    </ClInclude>
    <ClInclude Include="scip\heur_nlpdiving.h">
      <Filter>Header Files</Filter>
    </ClInclude>
    <ClInclude Include="scip\heur_mutation.h">
      <Filter>Header Files</Filter>
    </ClInclude>
    <ClInclude Include="scip\heur_multistart.h">
      <Filter>Header Files</Filter>
    </ClInclude>
    <ClInclude Include="scip\heur_mpec.h">
      <Filter>Header Files</Filter>
    </ClInclude>
    <ClInclude Include="scip\heur_lpface.h">
      <Filter>Header Files</Filter>
    </ClInclude>
    <ClInclude Include="scip\heur_locks.h">
      <Filter>Header Files</Filter>
    </ClInclude>
    <ClInclude Include="scip\heur_localbranching.h">
      <Filter>Header Files</Filter>
    </ClInclude>
    <ClInclude Include="scip\heur_linesearchdiving.h">
      <Filter>Header Files</Filter>
    </ClInclude>
    <ClInclude Include="scip\heur_intshifting.h">
      <Filter>Header Files</Filter>
    </ClInclude>
    <ClInclude Include="scip\heur_intdiving.h">
      <Filter>Header Files</Filter>
    </ClInclude>
    <ClInclude Include="scip\heur_indicator.h">
      <Filter>Header Files</Filter>
    </ClInclude>
    <ClInclude Include="scip\heur_guideddiving.h">
      <Filter>Header Files</Filter>
    </ClInclude>
    <ClInclude Include="scip\heur_gins.h">
      <Filter>Header Files</Filter>
    </ClInclude>
    <ClInclude Include="scip\heur_fracdiving.h">
      <Filter>Header Files</Filter>
    </ClInclude>
    <ClInclude Include="scip\heur_fixandinfer.h">
      <Filter>Header Files</Filter>
    </ClInclude>
    <ClInclude Include="scip\heur_feaspump.h">
      <Filter>Header Files</Filter>
    </ClInclude>
    <ClInclude Include="scip\heur_dualval.h">
      <Filter>Header Files</Filter>
    </ClInclude>
    <ClInclude Include="scip\heur_distributiondiving.h">
      <Filter>Header Files</Filter>
    </ClInclude>
    <ClInclude Include="scip\heur_dins.h">
      <Filter>Header Files</Filter>
    </ClInclude>
    <ClInclude Include="scip\heur_crossover.h">
      <Filter>Header Files</Filter>
    </ClInclude>
    <ClInclude Include="scip\heur_completesol.h">
      <Filter>Header Files</Filter>
    </ClInclude>
    <ClInclude Include="scip\heur_coefdiving.h">
      <Filter>Header Files</Filter>
    </ClInclude>
    <ClInclude Include="scip\heur_clique.h">
      <Filter>Header Files</Filter>
    </ClInclude>
    <ClInclude Include="scip\heur_bound.h">
      <Filter>Header Files</Filter>
    </ClInclude>
    <ClInclude Include="scip\heur_alns.h">
      <Filter>Header Files</Filter>
    </ClInclude>
    <ClInclude Include="scip\heur_actconsdiving.h">
      <Filter>Header Files</Filter>
    </ClInclude>
    <ClInclude Include="scip\heur.h">
      <Filter>Header Files</Filter>
    </ClInclude>
    <ClInclude Include="scip\event_xyz.h">
      <Filter>Header Files</Filter>
    </ClInclude>
    <ClInclude Include="scip\event_solvingphase.h">
      <Filter>Header Files</Filter>
    </ClInclude>
    <ClInclude Include="scip\event_softtimelimit.h">
      <Filter>Header Files</Filter>
    </ClInclude>
    <ClInclude Include="scip\event_globalbnd.h">
      <Filter>Header Files</Filter>
    </ClInclude>
    <ClInclude Include="scip\event.h">
      <Filter>Header Files</Filter>
    </ClInclude>
    <ClInclude Include="scip\disp_xyz.h">
      <Filter>Header Files</Filter>
    </ClInclude>
    <ClInclude Include="scip\disp_default.h">
      <Filter>Header Files</Filter>
    </ClInclude>
    <ClInclude Include="scip\disp.h">
      <Filter>Header Files</Filter>
    </ClInclude>
    <ClInclude Include="scip\dialog_xyz.h">
      <Filter>Header Files</Filter>
    </ClInclude>
    <ClInclude Include="scip\dialog_default.h">
      <Filter>Header Files</Filter>
    </ClInclude>
    <ClInclude Include="scip\dialog.h">
      <Filter>Header Files</Filter>
    </ClInclude>
    <ClInclude Include="scip\def.h">
      <Filter>Header Files</Filter>
    </ClInclude>
    <ClInclude Include="scip\debug.h">
      <Filter>Header Files</Filter>
    </ClInclude>
    <ClInclude Include="scip\dbldblarith.h">
      <Filter>Header Files</Filter>
    </ClInclude>
    <ClInclude Include="scip\cuts.h">
      <Filter>Header Files</Filter>
    </ClInclude>
    <ClInclude Include="scip\cutpool.h">
      <Filter>Header Files</Filter>
    </ClInclude>
    <ClInclude Include="scip\cons_xyz.h">
      <Filter>Header Files</Filter>
    </ClInclude>
    <ClInclude Include="scip\cons_xor.h">
      <Filter>Header Files</Filter>
    </ClInclude>
    <ClInclude Include="scip\cons_varbound.h">
      <Filter>Header Files</Filter>
    </ClInclude>
    <ClInclude Include="scip\cons_symresack.h">
      <Filter>Header Files</Filter>
    </ClInclude>
    <ClInclude Include="scip\cons_superindicator.h">
      <Filter>Header Files</Filter>
    </ClInclude>
    <ClInclude Include="scip\cons_sos2.h">
      <Filter>Header Files</Filter>
    </ClInclude>
    <ClInclude Include="scip\cons_sos1.h">
      <Filter>Header Files</Filter>
    </ClInclude>
    <ClInclude Include="scip\cons_soc.h">
      <Filter>Header Files</Filter>
    </ClInclude>
    <ClInclude Include="scip\cons_setppc.h">
      <Filter>Header Files</Filter>
    </ClInclude>
    <ClInclude Include="scip\cons_quadratic.h">
      <Filter>Header Files</Filter>
    </ClInclude>
    <ClInclude Include="scip\cons_pseudoboolean.h">
      <Filter>Header Files</Filter>
    </ClInclude>
    <ClInclude Include="scip\cons_orbitope.h">
      <Filter>Header Files</Filter>
    </ClInclude>
    <ClInclude Include="scip\cons_orbisack.h">
      <Filter>Header Files</Filter>
    </ClInclude>
    <ClInclude Include="scip\cons_or.h">
      <Filter>Header Files</Filter>
    </ClInclude>
    <ClInclude Include="scip\cons_nonlinear.h">
      <Filter>Header Files</Filter>
    </ClInclude>
    <ClInclude Include="scip\cons_logicor.h">
      <Filter>Header Files</Filter>
    </ClInclude>
    <ClInclude Include="scip\cons_linking.h">
      <Filter>Header Files</Filter>
    </ClInclude>
    <ClInclude Include="scip\cons_linear.h">
      <Filter>Header Files</Filter>
    </ClInclude>
    <ClInclude Include="scip\cons_knapsack.h">
      <Filter>Header Files</Filter>
    </ClInclude>
    <ClInclude Include="scip\cons_integral.h">
      <Filter>Header Files</Filter>
    </ClInclude>
    <ClInclude Include="scip\cons_indicator.h">
      <Filter>Header Files</Filter>
    </ClInclude>
    <ClInclude Include="scip\cons_disjunction.h">
      <Filter>Header Files</Filter>
    </ClInclude>
    <ClInclude Include="scip\cons_cumulative.h">
      <Filter>Header Files</Filter>
    </ClInclude>
    <ClInclude Include="scip\cons_countsols.h">
      <Filter>Header Files</Filter>
    </ClInclude>
    <ClInclude Include="scip\cons_conjunction.h">
      <Filter>Header Files</Filter>
    </ClInclude>
    <ClInclude Include="scip\cons_components.h">
      <Filter>Header Files</Filter>
    </ClInclude>
    <ClInclude Include="scip\cons_cardinality.h">
      <Filter>Header Files</Filter>
    </ClInclude>
    <ClInclude Include="scip\cons_bounddisjunction.h">
      <Filter>Header Files</Filter>
    </ClInclude>
    <ClInclude Include="scip\cons_bivariate.h">
      <Filter>Header Files</Filter>
    </ClInclude>
    <ClInclude Include="scip\cons_and.h">
      <Filter>Header Files</Filter>
    </ClInclude>
    <ClInclude Include="scip\cons_abspower.h">
      <Filter>Header Files</Filter>
    </ClInclude>
    <ClInclude Include="scip\cons.h">
      <Filter>Header Files</Filter>
    </ClInclude>
    <ClInclude Include="scip\conflictstore.h">
      <Filter>Header Files</Filter>
    </ClInclude>
    <ClInclude Include="scip\conflict.h">
      <Filter>Header Files</Filter>
    </ClInclude>
    <ClInclude Include="scip\concurrent.h">
      <Filter>Header Files</Filter>
    </ClInclude>
    <ClInclude Include="scip\concsolver_scip.h">
      <Filter>Header Files</Filter>
    </ClInclude>
    <ClInclude Include="scip\concsolver.h">
      <Filter>Header Files</Filter>
    </ClInclude>
    <ClInclude Include="scip\compr_xyz.h">
      <Filter>Header Files</Filter>
    </ClInclude>
    <ClInclude Include="scip\compr_weakcompr.h">
      <Filter>Header Files</Filter>
    </ClInclude>
    <ClInclude Include="scip\compr_largestrepr.h">
      <Filter>Header Files</Filter>
    </ClInclude>
    <ClInclude Include="scip\compr.h">
      <Filter>Header Files</Filter>
    </ClInclude>
    <ClInclude Include="scip\clock.h">
      <Filter>Header Files</Filter>
    </ClInclude>
    <ClInclude Include="scip\branch_xyz.h">
      <Filter>Header Files</Filter>
    </ClInclude>
    <ClInclude Include="scip\branch_relpscost.h">
      <Filter>Header Files</Filter>
    </ClInclude>
    <ClInclude Include="scip\branch_random.h">
      <Filter>Header Files</Filter>
    </ClInclude>
    <ClInclude Include="scip\branch_pscost.h">
      <Filter>Header Files</Filter>
    </ClInclude>
    <ClInclude Include="scip\branch_nodereopt.h">
      <Filter>Header Files</Filter>
    </ClInclude>
    <ClInclude Include="scip\branch_multaggr.h">
      <Filter>Header Files</Filter>
    </ClInclude>
    <ClInclude Include="scip\branch_mostinf.h">
      <Filter>Header Files</Filter>
    </ClInclude>
    <ClInclude Include="scip\branch_leastinf.h">
      <Filter>Header Files</Filter>
    </ClInclude>
    <ClInclude Include="scip\branch_inference.h">
      <Filter>Header Files</Filter>
    </ClInclude>
    <ClInclude Include="scip\branch_fullstrong.h">
      <Filter>Header Files</Filter>
    </ClInclude>
    <ClInclude Include="scip\branch_distribution.h">
      <Filter>Header Files</Filter>
    </ClInclude>
    <ClInclude Include="scip\branch_cloud.h">
      <Filter>Header Files</Filter>
    </ClInclude>
    <ClInclude Include="scip\branch_allfullstrong.h">
      <Filter>Header Files</Filter>
    </ClInclude>
    <ClInclude Include="scip\branch.h">
      <Filter>Header Files</Filter>
    </ClInclude>
    <ClInclude Include="scip\boundstore.h">
      <Filter>Header Files</Filter>
    </ClInclude>
    <ClInclude Include="scip\bitencode.h">
      <Filter>Header Files</Filter>
    </ClInclude>
    <ClInclude Include="scip\bandit_ucb.h">
      <Filter>Header Files</Filter>
    </ClInclude>
    <ClInclude Include="scip\bandit_exp3.h">
      <Filter>Header Files</Filter>
    </ClInclude>
    <ClInclude Include="scip\bandit_epsgreedy.h">
      <Filter>Header Files</Filter>
    </ClInclude>
    <ClInclude Include="scip\bandit.h">
      <Filter>Header Files</Filter>
    </ClInclude>
    <ClInclude Include="blockmemshell\memory.h">
      <Filter>Header Files</Filter>
    </ClInclude>
    <ClInclude Include="dijkstra\dijkstra.h">
      <Filter>Header Files</Filter>
    </ClInclude>
  </ItemGroup>
</Project>