<?xml version="1.0" encoding="utf-8"?>
<Project ToolsVersion="4.0" xmlns="http://schemas.microsoft.com/developer/msbuild/2003">
  <ItemGroup>
    <Filter Include="Source Files">
      <UniqueIdentifier>{4FC737F1-C7A5-4376-A066-2A32D752A2FF}</UniqueIdentifier>
      <Extensions>cpp;c;cc;cxx;def;odl;idl;hpj;bat;asm;asmx</Extensions>
    </Filter>
    <Filter Include="Header Files">
      <UniqueIdentifier>{93995380-89BD-4b04-88EB-625FBE52EBFB}</UniqueIdentifier>
      <Extensions>h;hh;hpp;hxx;hm;inl;inc;xsd</Extensions>
    </Filter>
  </ItemGroup>
  <ItemGroup>
    <ClInclude Include="alpha_shape.h">
      <Filter>Header Files</Filter>
    </ClInclude>
    <ClInclude Include="method_common.h">
      <Filter>Header Files</Filter>
    </ClInclude>
    <ClInclude Include="cgal_types.h">
      <Filter>Header Files</Filter>
    </ClInclude>
    <ClInclude Include="hypothesis_generator.h">
      <Filter>Header Files</Filter>
    </ClInclude>
    <ClInclude Include="method_global.h">
      <Filter>Header Files</Filter>
    </ClInclude>
    <ClInclude Include="alpha_shape_boundary.h">
      <Filter>Header Files</Filter>
    </ClInclude>
    <ClInclude Include="alpha_shape_mesh.h">
      <Filter>Header Files</Filter>
    </ClInclude>
    <ClInclude Include="polyfit_info.h">
      <Filter>Header Files</Filter>
    </ClInclude>
    <ClInclude Include="face_selection.h">
      <Filter>Header Files</Filter>
    </ClInclude>
    <ClInclude Include="alpha_shape_cgal.h">
      <Filter>Header Files</Filter>
    </ClInclude>
    <ClInclude Include="alpha_shape_CGAL4.10_and_earlier.h">
      <Filter>Header Files</Filter>
    </ClInclude>
    <ClInclude Include="alpha_shape_CGAL4.11_and_later.h">
      <Filter>Header Files</Filter>
    </ClInclude>
  </ItemGroup>
  <ItemGroup>
    <ClCompile Include="hypothesis_generator.cpp">
      <Filter>Source Files</Filter>
    </ClCompile>
    <ClCompile Include="method_global.cpp">
      <Filter>Source Files</Filter>
    </ClCompile>
    <ClCompile Include="alpha_shape_boundary.cpp">
      <Filter>Source Files</Filter>
    </ClCompile>
    <ClCompile Include="alpha_shape_mesh.cpp">
      <Filter>Source Files</Filter>
    </ClCompile>
    <ClCompile Include="polyfit_info.cpp">
      <Filter>Source Files</Filter>
    </ClCompile>
    <ClCompile Include="face_selection.cpp">
      <Filter>Source Files</Filter>
    </ClCompile>
    <ClCompile Include="face_selection_gurobi.cpp">
      <Filter>Source Files</Filter>
    </ClCompile>
    <ClCompile Include="face_selection_lpsolve.cpp">
      <Filter>Source Files</Filter>
    </ClCompile>
  </ItemGroup>
</Project>