<?xml version="1.0" encoding="utf-8"?>
<Project ToolsVersion="4.0" xmlns="http://schemas.microsoft.com/developer/msbuild/2003">
  <ItemGroup>
    <Filter Include="Source Files">
      <UniqueIdentifier>{4FC737F1-C7A5-4376-A066-2A32D752A2FF}</UniqueIdentifier>
      <Extensions>cpp;c;cc;cxx;def;odl;idl;hpj;bat;asm;asmx</Extensions>
    </Filter>
    <Filter Include="Header Files">
      <UniqueIdentifier>{93995380-89BD-4b04-88EB-625FBE52EBFB}</UniqueIdentifier>
      <Extensions>h;hh;hpp;hxx;hm;inl;inc;xsd</Extensions>
    </Filter>
    <Filter Include="Resource Files">
      <UniqueIdentifier>{D9D6E242-F8AF-46E4-B9FD-80ECBC20BA3E}</UniqueIdentifier>
      <Extensions>qrc;*</Extensions>
      <ParseFiles>false</ParseFiles>
    </Filter>
    <Filter Include="Generated Files">
      <UniqueIdentifier>{71ED8ED8-ACB9-4CE9-BBE1-E00B30144E11}</UniqueIdentifier>
      <Extensions>moc;h;cpp</Extensions>
      <ParseFiles>true</ParseFiles>
    </Filter>
    <Filter Include="Form Files">
      <UniqueIdentifier>{99349809-55BA-4b9d-BF79-8FDBB0286EB3}</UniqueIdentifier>
      <Extensions>ui</Extensions>
      <ParseFiles>true</ParseFiles>
    </Filter>
    <Filter Include="Generated Files\Debug">
      <UniqueIdentifier>{57a705a2-4510-441e-b9fd-def256bf9cc3}</UniqueIdentifier>
      <Extensions>cpp;moc</Extensions>
      <SourceControlFiles>False</SourceControlFiles>
    </Filter>
    <Filter Include="Generated Files\Release">
      <UniqueIdentifier>{d5925ef4-d9eb-4733-b33e-30b4636f01bb}</UniqueIdentifier>
      <Extensions>cpp;moc</Extensions>
      <SourceControlFiles>False</SourceControlFiles>
    </Filter>
  </ItemGroup>
  <ItemGroup>
    <CustomBuild Include="main_window.ui">
      <Filter>Form Files</Filter>
    </CustomBuild>
    <CustomBuild Include="paint_canvas.h">
      <Filter>Header Files</Filter>
    </CustomBuild>
    <CustomBuild Include="main_window.h">
      <Filter>Header Files</Filter>
    </CustomBuild>
    <CustomBuild Include="Resources\PolyFit.qrc">
      <Filter>Resource Files</Filter>
    </CustomBuild>
    <CustomBuild Include="dlg\wgt_render.h">
      <Filter>Header Files</Filter>
    </CustomBuild>
    <CustomBuild Include="dlg\wgt_render.ui">
      <Filter>Form Files</Filter>
    </CustomBuild>
    <CustomBuild Include="dlg\weight_panel_click.h">
      <Filter>Header Files</Filter>
    </CustomBuild>
    <CustomBuild Include="dlg\weight_panel_click.ui">
      <Filter>Form Files</Filter>
    </CustomBuild>
    <CustomBuild Include="dlg\weight_panel_manual.h">
      <Filter>Header Files</Filter>
    </CustomBuild>
    <CustomBuild Include="dlg\weight_panel_manual.ui">
      <Filter>Form Files</Filter>
    </CustomBuild>
  </ItemGroup>
  <ItemGroup>
    <ClCompile Include="paint_canvas.cpp">
      <Filter>Source Files</Filter>
    </ClCompile>
    <ClCompile Include="main_window.cpp">
      <Filter>Source Files</Filter>
    </ClCompile>
    <ClCompile Include="main.cpp">
      <Filter>Source Files</Filter>
    </ClCompile>
    <ClCompile Include="GeneratedFiles\Debug\moc_paint_canvas.cpp">
      <Filter>Generated Files\Debug</Filter>
    </ClCompile>
    <ClCompile Include="GeneratedFiles\Release\moc_paint_canvas.cpp">
      <Filter>Generated Files\Release</Filter>
    </ClCompile>
    <ClCompile Include="GeneratedFiles\Debug\moc_main_window.cpp">
      <Filter>Generated Files\Debug</Filter>
    </ClCompile>
    <ClCompile Include="GeneratedFiles\Release\moc_main_window.cpp">
      <Filter>Generated Files\Release</Filter>
    </ClCompile>
    <ClCompile Include="GeneratedFiles\qrc_PolyFit.cpp">
      <Filter>Generated Files</Filter>
    </ClCompile>
    <ClCompile Include="dlg\wgt_render.cpp">
      <Filter>Source Files</Filter>
    </ClCompile>
    <ClCompile Include="GeneratedFiles\Debug\moc_wgt_render.cpp">
      <Filter>Generated Files\Debug</Filter>
    </ClCompile>
    <ClCompile Include="GeneratedFiles\Release\moc_wgt_render.cpp">
      <Filter>Generated Files\Release</Filter>
    </ClCompile>
    <ClCompile Include="dlg\weight_panel_click.cpp">
      <Filter>Source Files</Filter>
    </ClCompile>
    <ClCompile Include="GeneratedFiles\Debug\moc_weight_panel_click.cpp">
      <Filter>Generated Files\Debug</Filter>
    </ClCompile>
    <ClCompile Include="GeneratedFiles\Release\moc_weight_panel_click.cpp">
      <Filter>Generated Files\Release</Filter>
    </ClCompile>
    <ClCompile Include="dlg\weight_panel_manual.cpp">
      <Filter>Source Files</Filter>
    </ClCompile>
    <ClCompile Include="GeneratedFiles\Debug\moc_weight_panel_manual.cpp">
      <Filter>Generated Files\Debug</Filter>
    </ClCompile>
    <ClCompile Include="GeneratedFiles\Release\moc_weight_panel_manual.cpp">
      <Filter>Generated Files\Release</Filter>
    </ClCompile>
  </ItemGroup>
  <ItemGroup>
    <ClInclude Include="GeneratedFiles\ui_main_window.h">
      <Filter>Generated Files</Filter>
    </ClInclude>
    <ClInclude Include="GeneratedFiles\ui_wgt_render.h">
      <Filter>Generated Files</Filter>
    </ClInclude>
    <ClInclude Include="GeneratedFiles\ui_weight_panel_click.h">
      <Filter>Generated Files</Filter>
    </ClInclude>
    <ClInclude Include="GeneratedFiles\ui_weight_panel_manual.h">
      <Filter>Generated Files</Filter>
    </ClInclude>
  </ItemGroup>
  <ItemGroup>
    <Image Include="Resources\fileopen.png">
      <Filter>Resource Files</Filter>
    </Image>
    <Image Include="Resources\filesave.png">
      <Filter>Resource Files</Filter>
    </Image>
    <Image Include="Resources\PolyFit.png">
      <Filter>Resource Files</Filter>
    </Image>
    <Image Include="Resources\snap_shot.png">
      <Filter>Resource Files</Filter>
    </Image>
    <Image Include="Resources\step1.png">
      <Filter>Resource Files</Filter>
    </Image>
    <Image Include="Resources\step2.png">
      <Filter>Resource Files</Filter>
    </Image>
    <Image Include="Resources\step3.png">
      <Filter>Resource Files</Filter>
    </Image>
    <Image Include="Resources\step4.png">
      <Filter>Resource Files</Filter>
    </Image>
    <Image Include="Resources\about.png">
      <Filter>Resource Files</Filter>
    </Image>
    <Image Include="Resources\PolyFit.ico">
      <Filter>Resource Files</Filter>
    </Image>
  </ItemGroup>
  <ItemGroup>
    <ResourceCompile Include="Resources\PolyFit.rc">
      <Filter>Resource Files</Filter>
    </ResourceCompile>
  </ItemGroup>
</Project>