<?xml version="1.0" encoding="utf-8"?>
<Project ToolsVersion="15.0" xmlns="http://schemas.microsoft.com/developer/msbuild/2003">
  <ItemGroup>
    <ClCompile Include="src\changesoplex.cpp">
      <Filter>Source Files</Filter>
    </ClCompile>
    <ClCompile Include="src\clufactor.cpp">
      <Filter>Source Files</Filter>
    </ClCompile>
    <ClCompile Include="src\clufactor_rational.cpp">
      <Filter>Source Files</Filter>
    </ClCompile>
    <ClCompile Include="src\didxset.cpp">
      <Filter>Source Files</Filter>
    </ClCompile>
    <ClCompile Include="src\enter.cpp">
      <Filter>Source Files</Filter>
    </ClCompile>
    <ClCompile Include="src\gzstream.cpp">
      <Filter>Source Files</Filter>
    </ClCompile>
    <ClCompile Include="src\idxset.cpp">
      <Filter>Source Files</Filter>
    </ClCompile>
    <ClCompile Include="src\leave.cpp">
      <Filter>Source Files</Filter>
    </ClCompile>
    <ClCompile Include="src\mpsinput.cpp">
      <Filter>Source Files</Filter>
    </ClCompile>
    <ClCompile Include="src\nameset.cpp">
      <Filter>Source Files</Filter>
    </ClCompile>
    <ClCompile Include="src\rational.cpp">
      <Filter>Source Files</Filter>
    </ClCompile>
    <ClCompile Include="src\ratrecon.cpp">
      <Filter>Source Files</Filter>
    </ClCompile>
    <ClCompile Include="src\slufactor.cpp">
      <Filter>Source Files</Filter>
    </ClCompile>
    <ClCompile Include="src\slufactor_rational.cpp">
      <Filter>Source Files</Filter>
    </ClCompile>
    <ClCompile Include="src\solvedbds.cpp">
      <Filter>Source Files</Filter>
    </ClCompile>
    <ClCompile Include="src\solverational.cpp">
      <Filter>Source Files</Filter>
    </ClCompile>
    <ClCompile Include="src\solvereal.cpp">
      <Filter>Source Files</Filter>
    </ClCompile>
    <ClCompile Include="src\soplex.cpp">
      <Filter>Source Files</Filter>
    </ClCompile>
    <ClCompile Include="src\soplexlegacy.cpp">
      <Filter>Source Files</Filter>
    </ClCompile>
    <ClCompile Include="src\spxautopr.cpp">
      <Filter>Source Files</Filter>
    </ClCompile>
    <ClCompile Include="src\spxbasis.cpp">
      <Filter>Source Files</Filter>
    </ClCompile>
    <ClCompile Include="src\spxboundflippingrt.cpp">
      <Filter>Source Files</Filter>
    </ClCompile>
    <ClCompile Include="src\spxbounds.cpp">
      <Filter>Source Files</Filter>
    </ClCompile>
    <ClCompile Include="src\spxchangebasis.cpp">
      <Filter>Source Files</Filter>
    </ClCompile>
    <ClCompile Include="src\spxdantzigpr.cpp">
      <Filter>Source Files</Filter>
    </ClCompile>
    <ClCompile Include="src\spxdefaultrt.cpp">
      <Filter>Source Files</Filter>
    </ClCompile>
    <ClCompile Include="src\spxdefines.cpp">
      <Filter>Source Files</Filter>
    </ClCompile>
    <ClCompile Include="src\spxdesc.cpp">
      <Filter>Source Files</Filter>
    </ClCompile>
    <ClCompile Include="src\spxdevexpr.cpp">
      <Filter>Source Files</Filter>
    </ClCompile>
    <ClCompile Include="src\spxequilisc.cpp">
      <Filter>Source Files</Filter>
    </ClCompile>
    <ClCompile Include="src\spxfastrt.cpp">
      <Filter>Source Files</Filter>
    </ClCompile>
    <ClCompile Include="src\spxfileio.cpp">
      <Filter>Source Files</Filter>
    </ClCompile>
    <ClCompile Include="src\spxgeometsc.cpp">
      <Filter>Source Files</Filter>
    </ClCompile>
    <ClCompile Include="src\spxgithash.cpp">
      <Filter>Source Files</Filter>
    </ClCompile>
    <ClCompile Include="src\spxharrisrt.cpp">
      <Filter>Source Files</Filter>
    </ClCompile>
    <ClCompile Include="src\spxhybridpr.cpp">
      <Filter>Source Files</Filter>
    </ClCompile>
    <ClCompile Include="src\spxid.cpp">
      <Filter>Source Files</Filter>
    </ClCompile>
    <ClCompile Include="src\spxleastsqsc.cpp">
      <Filter>Source Files</Filter>
    </ClCompile>
    <ClCompile Include="src\spxlpbase_rational.cpp">
      <Filter>Source Files</Filter>
    </ClCompile>
    <ClCompile Include="src\spxlpbase_real.cpp">
      <Filter>Source Files</Filter>
    </ClCompile>
    <ClCompile Include="src\spxmainsm.cpp">
      <Filter>Source Files</Filter>
    </ClCompile>
    <ClCompile Include="src\spxout.cpp">
      <Filter>Source Files</Filter>
    </ClCompile>
    <ClCompile Include="src\spxparmultpr.cpp">
      <Filter>Source Files</Filter>
    </ClCompile>
    <ClCompile Include="src\spxquality.cpp">
      <Filter>Source Files</Filter>
    </ClCompile>
    <ClCompile Include="src\spxscaler.cpp">
      <Filter>Source Files</Filter>
    </ClCompile>
    <ClCompile Include="src\spxshift.cpp">
      <Filter>Source Files</Filter>
    </ClCompile>
    <ClCompile Include="src\spxsolve.cpp">
      <Filter>Source Files</Filter>
    </ClCompile>
    <ClCompile Include="src\spxsolver.cpp">
      <Filter>Source Files</Filter>
    </ClCompile>
    <ClCompile Include="src\spxstarter.cpp">
      <Filter>Source Files</Filter>
    </ClCompile>
    <ClCompile Include="src\spxsteeppr.cpp">
      <Filter>Source Files</Filter>
    </ClCompile>
    <ClCompile Include="src\spxsumst.cpp">
      <Filter>Source Files</Filter>
    </ClCompile>
    <ClCompile Include="src\spxvecs.cpp">
      <Filter>Source Files</Filter>
    </ClCompile>
    <ClCompile Include="src\spxvectorst.cpp">
      <Filter>Source Files</Filter>
    </ClCompile>
    <ClCompile Include="src\spxweightpr.cpp">
      <Filter>Source Files</Filter>
    </ClCompile>
    <ClCompile Include="src\spxweightst.cpp">
      <Filter>Source Files</Filter>
    </ClCompile>
    <ClCompile Include="src\spxwritestate.cpp">
      <Filter>Source Files</Filter>
    </ClCompile>
    <ClCompile Include="src\statistics.cpp">
      <Filter>Source Files</Filter>
    </ClCompile>
    <ClCompile Include="src\testsoplex.cpp">
      <Filter>Source Files</Filter>
    </ClCompile>
    <ClCompile Include="src\updatevector.cpp">
      <Filter>Source Files</Filter>
    </ClCompile>
    <ClCompile Include="src\usertimer.cpp">
      <Filter>Source Files</Filter>
    </ClCompile>
    <ClCompile Include="src\validation.cpp">
      <Filter>Source Files</Filter>
    </ClCompile>
    <ClCompile Include="src\wallclocktimer.cpp">
      <Filter>Source Files</Filter>
    </ClCompile>
  </ItemGroup>
  <ItemGroup>
    <Filter Include="Source Files">
      <UniqueIdentifier>{2E512689-5769-3193-B5B0-0211CBAF45F7}</UniqueIdentifier>
    </Filter>
    <Filter Include="Header Files">
      <UniqueIdentifier>{4911e70a-99f0-43f8-8eef-dedd39e5c0af}</UniqueIdentifier>
    </Filter>
  </ItemGroup>
  <ItemGroup>
    <ClInclude Include="src\array.h">
      <Filter>Header Files</Filter>
    </ClInclude>
    <ClInclude Include="src\basevectors.h">
      <Filter>Header Files</Filter>
    </ClInclude>
    <ClInclude Include="src\classarray.h">
      <Filter>Header Files</Filter>
    </ClInclude>
    <ClInclude Include="src\clufactor.h">
      <Filter>Header Files</Filter>
    </ClInclude>
    <ClInclude Include="src\clufactor_rational.h">
      <Filter>Header Files</Filter>
    </ClInclude>
    <ClInclude Include="src\cring.h">
      <Filter>Header Files</Filter>
    </ClInclude>
    <ClInclude Include="src\dataarray.h">
      <Filter>Header Files</Filter>
    </ClInclude>
    <ClInclude Include="src\datahashtable.h">
      <Filter>Header Files</Filter>
    </ClInclude>
    <ClInclude Include="src\datakey.h">
      <Filter>Header Files</Filter>
    </ClInclude>
    <ClInclude Include="src\dataset.h">
      <Filter>Header Files</Filter>
    </ClInclude>
    <ClInclude Include="src\didxset.h">
      <Filter>Header Files</Filter>
    </ClInclude>
    <ClInclude Include="src\dsvector.h">
      <Filter>Header Files</Filter>
    </ClInclude>
    <ClInclude Include="src\dsvectorbase.h">
      <Filter>Header Files</Filter>
    </ClInclude>
    <ClInclude Include="src\dvector.h">
      <Filter>Header Files</Filter>
    </ClInclude>
    <ClInclude Include="src\dvectorbase.h">
      <Filter>Header Files</Filter>
    </ClInclude>
    <ClInclude Include="src\exceptions.h">
      <Filter>Header Files</Filter>
    </ClInclude>
    <ClInclude Include="src\gzstream.h">
      <Filter>Header Files</Filter>
    </ClInclude>
    <ClInclude Include="src\idlist.h">
      <Filter>Header Files</Filter>
    </ClInclude>
    <ClInclude Include="src\idxset.h">
      <Filter>Header Files</Filter>
    </ClInclude>
    <ClInclude Include="src\islist.h">
      <Filter>Header Files</Filter>
    </ClInclude>
    <ClInclude Include="src\lpcol.h">
      <Filter>Header Files</Filter>
    </ClInclude>
    <ClInclude Include="src\lpcolbase.h">
      <Filter>Header Files</Filter>
    </ClInclude>
    <ClInclude Include="src\lpcolset.h">
      <Filter>Header Files</Filter>
    </ClInclude>
    <ClInclude Include="src\lpcolsetbase.h">
      <Filter>Header Files</Filter>
    </ClInclude>
    <ClInclude Include="src\lprow.h">
      <Filter>Header Files</Filter>
    </ClInclude>
    <ClInclude Include="src\lprowbase.h">
      <Filter>Header Files</Filter>
    </ClInclude>
    <ClInclude Include="src\lprowset.h">
      <Filter>Header Files</Filter>
    </ClInclude>
    <ClInclude Include="src\lprowsetbase.h">
      <Filter>Header Files</Filter>
    </ClInclude>
    <ClInclude Include="src\mpsinput.h">
      <Filter>Header Files</Filter>
    </ClInclude>
    <ClInclude Include="src\nameset.h">
      <Filter>Header Files</Filter>
    </ClInclude>
    <ClInclude Include="src\notimer.h">
      <Filter>Header Files</Filter>
    </ClInclude>
    <ClInclude Include="src\random.h">
      <Filter>Header Files</Filter>
    </ClInclude>
    <ClInclude Include="src\rational.h">
      <Filter>Header Files</Filter>
    </ClInclude>
    <ClInclude Include="src\ratrecon.h">
      <Filter>Header Files</Filter>
    </ClInclude>
    <ClInclude Include="src\slinsolver.h">
      <Filter>Header Files</Filter>
    </ClInclude>
    <ClInclude Include="src\slinsolver_rational.h">
      <Filter>Header Files</Filter>
    </ClInclude>
    <ClInclude Include="src\slufactor.h">
      <Filter>Header Files</Filter>
    </ClInclude>
    <ClInclude Include="src\slufactor_rational.h">
      <Filter>Header Files</Filter>
    </ClInclude>
    <ClInclude Include="src\sol.h">
      <Filter>Header Files</Filter>
    </ClInclude>
    <ClInclude Include="src\solbase.h">
      <Filter>Header Files</Filter>
    </ClInclude>
    <ClInclude Include="src\soplex.h">
      <Filter>Header Files</Filter>
    </ClInclude>
    <ClInclude Include="src\soplexlegacy.h">
      <Filter>Header Files</Filter>
    </ClInclude>
    <ClInclude Include="src\sorter.h">
      <Filter>Header Files</Filter>
    </ClInclude>
    <ClInclude Include="src\spxalloc.h">
      <Filter>Header Files</Filter>
    </ClInclude>
    <ClInclude Include="src\spxautopr.h">
      <Filter>Header Files</Filter>
    </ClInclude>
    <ClInclude Include="src\spxbasis.h">
      <Filter>Header Files</Filter>
    </ClInclude>
    <ClInclude Include="src\spxboundflippingrt.h">
      <Filter>Header Files</Filter>
    </ClInclude>
    <ClInclude Include="src\spxdantzigpr.h">
      <Filter>Header Files</Filter>
    </ClInclude>
    <ClInclude Include="src\spxdefaultrt.h">
      <Filter>Header Files</Filter>
    </ClInclude>
    <ClInclude Include="src\spxdefines.h">
      <Filter>Header Files</Filter>
    </ClInclude>
    <ClInclude Include="src\spxdevexpr.h">
      <Filter>Header Files</Filter>
    </ClInclude>
    <ClInclude Include="src\spxequilisc.h">
      <Filter>Header Files</Filter>
    </ClInclude>
    <ClInclude Include="src\spxfastrt.h">
      <Filter>Header Files</Filter>
    </ClInclude>
    <ClInclude Include="src\spxfileio.h">
      <Filter>Header Files</Filter>
    </ClInclude>
    <ClInclude Include="src\spxgeometsc.h">
      <Filter>Header Files</Filter>
    </ClInclude>
    <ClInclude Include="src\spxgithash.h">
      <Filter>Header Files</Filter>
    </ClInclude>
    <ClInclude Include="src\spxharrisrt.h">
      <Filter>Header Files</Filter>
    </ClInclude>
    <ClInclude Include="src\spxhybridpr.h">
      <Filter>Header Files</Filter>
    </ClInclude>
    <ClInclude Include="src\spxid.h">
      <Filter>Header Files</Filter>
    </ClInclude>
    <ClInclude Include="src\spxleastsqsc.h">
      <Filter>Header Files</Filter>
    </ClInclude>
    <ClInclude Include="src\spxlp.h">
      <Filter>Header Files</Filter>
    </ClInclude>
    <ClInclude Include="src\spxlpbase.h">
      <Filter>Header Files</Filter>
    </ClInclude>
    <ClInclude Include="src\spxmainsm.h">
      <Filter>Header Files</Filter>
    </ClInclude>
    <ClInclude Include="src\spxout.h">
      <Filter>Header Files</Filter>
    </ClInclude>
    <ClInclude Include="src\spxparmultpr.h">
      <Filter>Header Files</Filter>
    </ClInclude>
    <ClInclude Include="src\spxpricer.h">
      <Filter>Header Files</Filter>
    </ClInclude>
    <ClInclude Include="src\spxratiotester.h">
      <Filter>Header Files</Filter>
    </ClInclude>
    <ClInclude Include="src\spxscaler.h">
      <Filter>Header Files</Filter>
    </ClInclude>
    <ClInclude Include="src\spxsimplifier.h">
      <Filter>Header Files</Filter>
    </ClInclude>
    <ClInclude Include="src\spxsolver.h">
      <Filter>Header Files</Filter>
    </ClInclude>
    <ClInclude Include="src\spxstarter.h">
      <Filter>Header Files</Filter>
    </ClInclude>
    <ClInclude Include="src\spxsteepexpr.h">
      <Filter>Header Files</Filter>
    </ClInclude>
    <ClInclude Include="src\spxsteeppr.h">
      <Filter>Header Files</Filter>
    </ClInclude>
    <ClInclude Include="src\spxsumst.h">
      <Filter>Header Files</Filter>
    </ClInclude>
    <ClInclude Include="src\spxvectorst.h">
      <Filter>Header Files</Filter>
    </ClInclude>
    <ClInclude Include="src\spxweightpr.h">
      <Filter>Header Files</Filter>
    </ClInclude>
    <ClInclude Include="src\spxweightst.h">
      <Filter>Header Files</Filter>
    </ClInclude>
    <ClInclude Include="src\ssvector.h">
      <Filter>Header Files</Filter>
    </ClInclude>
    <ClInclude Include="src\ssvectorbase.h">
      <Filter>Header Files</Filter>
    </ClInclude>
    <ClInclude Include="src\statistics.h">
      <Filter>Header Files</Filter>
    </ClInclude>
    <ClInclude Include="src\svector.h">
      <Filter>Header Files</Filter>
    </ClInclude>
    <ClInclude Include="src\svectorbase.h">
      <Filter>Header Files</Filter>
    </ClInclude>
    <ClInclude Include="src\svset.h">
      <Filter>Header Files</Filter>
    </ClInclude>
    <ClInclude Include="src\svsetbase.h">
      <Filter>Header Files</Filter>
    </ClInclude>
    <ClInclude Include="src\timer.h">
      <Filter>Header Files</Filter>
    </ClInclude>
    <ClInclude Include="src\timerfactory.h">
      <Filter>Header Files</Filter>
    </ClInclude>
    <ClInclude Include="src\unitvector.h">
      <Filter>Header Files</Filter>
    </ClInclude>
    <ClInclude Include="src\unitvectorbase.h">
      <Filter>Header Files</Filter>
    </ClInclude>
    <ClInclude Include="src\updatevector.h">
      <Filter>Header Files</Filter>
    </ClInclude>
    <ClInclude Include="src\usertimer.h">
      <Filter>Header Files</Filter>
    </ClInclude>
    <ClInclude Include="src\validation.h">
      <Filter>Header Files</Filter>
    </ClInclude>
    <ClInclude Include="src\vector.h">
      <Filter>Header Files</Filter>
    </ClInclude>
    <ClInclude Include="src\vectorbase.h">
      <Filter>Header Files</Filter>
    </ClInclude>
    <ClInclude Include="src\wallclocktimer.h">
      <Filter>Header Files</Filter>
    </ClInclude>
  </ItemGroup>
</Project>